// !$*UTF8*$!
{
	archiveVersion = 1;
	classes = {
	};
	objectVersion = 74;
	objects = {

/* Begin PBXBuildFile section */
		1498CF1B2C402CD2005562AA /* ZCCalendar in Frameworks */ = {isa = PBXBuildFile; productRef = 1498CF1A2C402CD2005562AA /* ZCCalendar */; };
		14B36F822DE2187600E96C56 /* MarqueeLabel in Frameworks */ = {isa = PBXBuildFile; productRef = 14B36F812DE2187600E96C56 /* MarqueeLabel */; };
		14DD50C72BE1F78F004329E2 /* SnapKit in Frameworks */ = {isa = PBXBuildFile; productRef = 14DD50C62BE1F78F004329E2 /* SnapKit */; };
		14DD51092BE20D8D004329E2 /* Toast in Frameworks */ = {isa = PBXBuildFile; productRef = 14DD51082BE20D8D004329E2 /* Toast */; };
		14DD510C2BE20F3A004329E2 /* GRDB in Frameworks */ = {isa = PBXBuildFile; productRef = 14DD510B2BE20F3A004329E2 /* GRDB */; };
		14EF2B742BFB44FA00F8C684 /* MoreKit in Frameworks */ = {isa = PBXBuildFile; productRef = 14EF2B732BFB44FA00F8C684 /* MoreKit */; };
		14F92E322E1BB2ED00712D87 /* ZipArchive in Frameworks */ = {isa = PBXBuildFile; productRef = 14F92E312E1BB2ED00712D87 /* ZipArchive */; };
/* End PBXBuildFile section */

/* Begin PBXContainerItemProxy section */
		149065892F3E8E26002DEAB7 /* PBXContainerItemProxy */ = {
			isa = PBXContainerItemProxy;
			containerPortal = 14DD50A62BE1F5C4004329E2 /* Project object */;
			proxyType = 1;
			remoteGlobalIDString = 14DD50AD2BE1F5C4004329E2;
			remoteInfo = "Off Day";
		};
/* End PBXContainerItemProxy section */

/* Begin PBXFileReference section */
		141F38D92C9974D600347225 /* README.md */ = {isa = PBXFileReference; lastKnownFileType = net.daringfireball.markdown; path = README.md; sourceTree = "<group>"; };
		141F38DA2C9974D600347225 /* README_CN.md */ = {isa = PBXFileReference; lastKnownFileType = net.daringfireball.markdown; path = README_CN.md; sourceTree = "<group>"; };
		149065852F3E8E26002DEAB7 /* UnitTests.xctest */ = {isa = PBXFileReference; explicitFileType = wrapper.cfbundle; includeInIndex = 0; path = UnitTests.xctest; sourceTree = BUILT_PRODUCTS_DIR; };
		149065922F3E9ADF002DEAB7 /* Unit.xctestplan */ = {isa = PBXFileReference; lastKnownFileType = text; path = Unit.xctestplan; sourceTree = "<group>"; };
		14DD50AE2BE1F5C4004329E2 /* Off Day.app */ = {isa = PBXFileReference; explicitFileType = wrapper.application; includeInIndex = 0; path = "Off Day.app"; sourceTree = BUILT_PRODUCTS_DIR; };
/* End PBXFileReference section */

/* Begin PBXFileSystemSynchronizedBuildFileExceptionSet section */
		148522D62F9655D2007417CE /* PBXFileSystemSynchronizedBuildFileExceptionSet */ = {
			isa = PBXFileSystemSynchronizedBuildFileExceptionSet;
			membershipExceptions = (
				/Localized/LaunchScreen.storyboard,
				Info.plist,
			);
			target = 14DD50AD2BE1F5C4004329E2 /* Off Day */;
		};
/* End PBXFileSystemSynchronizedBuildFileExceptionSet section */

/* Begin PBXFileSystemSynchronizedGroupBuildPhaseMembershipExceptionSet section */
		148522D72F9655D2007417CE /* PBXFileSystemSynchronizedGroupBuildPhaseMembershipExceptionSet */ = {
			isa = PBXFileSystemSynchronizedGroupBuildPhaseMembershipExceptionSet;
			buildPhase = 14DD50AC2BE1F5C4004329E2 /* Resources */;
			membershipExceptions = (
				Base.lproj/LaunchScreen.storyboard,
			);
		};
/* End PBXFileSystemSynchronizedGroupBuildPhaseMembershipExceptionSet section */

/* Begin PBXFileSystemSynchronizedRootGroup section */
		148522602F9655D2007417CE /* Off Day */ = {isa = PBXFileSystemSynchronizedRootGroup; exceptions = (148522D62F9655D2007417CE /* PBXFileSystemSynchronizedBuildFileExceptionSet */, 148522D72F9655D2007417CE /* PBXFileSystemSynchronizedGroupBuildPhaseMembershipExceptionSet */, ); explicitFileTypes = {}; explicitFolders = (); path = "Off Day"; sourceTree = "<group>"; };
		148522E72F9655D7007417CE /* UnitTests */ = {isa = PBXFileSystemSynchronizedRootGroup; explicitFileTypes = {}; explicitFolders = (); path = UnitTests; sourceTree = "<group>"; };
/* End PBXFileSystemSynchronizedRootGroup section */

/* Begin PBXFrameworksBuildPhase section */
		149065822F3E8E26002DEAB7 /* Frameworks */ = {
			isa = PBXFrameworksBuildPhase;
			buildActionMask = 2147483647;
			files = (
			);
			runOnlyForDeploymentPostprocessing = 0;
		};
		14DD50AB2BE1F5C4004329E2 /* Frameworks */ = {
			isa = PBXFrameworksBuildPhase;
			buildActionMask = 2147483647;
			files = (
				14EF2B742BFB44FA00F8C684 /* MoreKit in Frameworks */,
				14DD51092BE20D8D004329E2 /* Toast in Frameworks */,
				14B36F822DE2187600E96C56 /* MarqueeLabel in Frameworks */,
				14DD50C72BE1F78F004329E2 /* SnapKit in Frameworks */,
				14DD510C2BE20F3A004329E2 /* GRDB in Frameworks */,
				14F92E322E1BB2ED00712D87 /* ZipArchive in Frameworks */,
				1498CF1B2C402CD2005562AA /* ZCCalendar in Frameworks */,
			);
			runOnlyForDeploymentPostprocessing = 0;
		};
/* End PBXFrameworksBuildPhase section */

/* Begin PBXGroup section */
		14DD50A52BE1F5C4004329E2 = {
			isa = PBXGroup;
			children = (
				149065922F3E9ADF002DEAB7 /* Unit.xctestplan */,
				141F38D92C9974D600347225 /* README.md */,
				141F38DA2C9974D600347225 /* README_CN.md */,
				148522602F9655D2007417CE /* Off Day */,
				148522E72F9655D7007417CE /* UnitTests */,
				14DD50AF2BE1F5C4004329E2 /* Products */,
				14DD51042BE20CF8004329E2 /* Frameworks */,
			);
			sourceTree = "<group>";
		};
		14DD50AF2BE1F5C4004329E2 /* Products */ = {
			isa = PBXGroup;
			children = (
				14DD50AE2BE1F5C4004329E2 /* Off Day.app */,
				149065852F3E8E26002DEAB7 /* UnitTests.xctest */,
			);
			name = Products;
			sourceTree = "<group>";
		};
		14DD51042BE20CF8004329E2 /* Frameworks */ = {
			isa = PBXGroup;
			children = (
			);
			name = Frameworks;
			sourceTree = "<group>";
		};
/* End PBXGroup section */

/* Begin PBXNativeTarget section */
		149065842F3E8E26002DEAB7 /* UnitTests */ = {
			isa = PBXNativeTarget;
			buildConfigurationList = 1490658D2F3E8E26002DEAB7 /* Build configuration list for PBXNativeTarget "UnitTests" */;
			buildPhases = (
				149065812F3E8E26002DEAB7 /* Sources */,
				149065822F3E8E26002DEAB7 /* Frameworks */,
				149065832F3E8E26002DEAB7 /* Resources */,
			);
			buildRules = (
			);
			dependencies = (
				1490658A2F3E8E26002DEAB7 /* PBXTargetDependency */,
			);
			fileSystemSynchronizedGroups = (
				148522E72F9655D7007417CE /* UnitTests */,
			);
			name = UnitTests;
			packageProductDependencies = (
			);
			productName = UnitTests;
			productReference = 149065852F3E8E26002DEAB7 /* UnitTests.xctest */;
			productType = "com.apple.product-type.bundle.unit-test";
		};
		14DD50AD2BE1F5C4004329E2 /* Off Day */ = {
			isa = PBXNativeTarget;
			buildConfigurationList = 14DD50C22BE1F5C5004329E2 /* Build configuration list for PBXNativeTarget "Off Day" */;
			buildPhases = (
				14DD50AA2BE1F5C4004329E2 /* Sources */,
				14DD50AB2BE1F5C4004329E2 /* Frameworks */,
				14DD50AC2BE1F5C4004329E2 /* Resources */,
			);
			buildRules = (
			);
			dependencies = (
			);
			fileSystemSynchronizedGroups = (
				148522602F9655D2007417CE /* Off Day */,
			);
			name = "Off Day";
			packageProductDependencies = (
				14DD50C62BE1F78F004329E2 /* SnapKit */,
				14DD51082BE20D8D004329E2 /* Toast */,
				14DD510B2BE20F3A004329E2 /* GRDB */,
				14EF2B732BFB44FA00F8C684 /* MoreKit */,
				1498CF1A2C402CD2005562AA /* ZCCalendar */,
				14B36F812DE2187600E96C56 /* MarqueeLabel */,
				14F92E312E1BB2ED00712D87 /* ZipArchive */,
			);
			productName = "Off Day";
			productReference = 14DD50AE2BE1F5C4004329E2 /* Off Day.app */;
			productType = "com.apple.product-type.application";
		};
/* End PBXNativeTarget section */

/* Begin PBXProject section */
		14DD50A62BE1F5C4004329E2 /* Project object */ = {
			isa = PBXProject;
			attributes = {
				BuildIndependentTargetsInParallel = 1;
				LastSwiftUpdateCheck = 2620;
				LastUpgradeCheck = 1530;
				TargetAttributes = {
					149065842F3E8E26002DEAB7 = {
						CreatedOnToolsVersion = 26.2;
						TestTargetID = 14DD50AD2BE1F5C4004329E2;
					};
					14DD50AD2BE1F5C4004329E2 = {
						CreatedOnToolsVersion = 15.3;
					};
				};
			};
			buildConfigurationList = 14DD50A92BE1F5C4004329E2 /* Build configuration list for PBXProject "Off Day" */;
			developmentRegion = en;
			hasScannedForEncodings = 0;
			knownRegions = (
				en,
				Base,
				"zh-Hans",
				"zh-HK",
				"zh-Hant",
			);
			mainGroup = 14DD50A52BE1F5C4004329E2;
			packageReferences = (
				14DD50C52BE1F78F004329E2 /* XCRemoteSwiftPackageReference "SnapKit" */,
				14DD51072BE20D8D004329E2 /* XCRemoteSwiftPackageReference "Toast-Swift" */,
				14DD510A2BE20F3A004329E2 /* XCRemoteSwiftPackageReference "GRDB" */,
				14EF2B722BFB44FA00F8C684 /* XCRemoteSwiftPackageReference "MoreKit" */,
				1498CF192C402CD2005562AA /* XCRemoteSwiftPackageReference "ZCCalendar" */,
				14B36F802DE2187600E96C56 /* XCRemoteSwiftPackageReference "MarqueeLabel" */,
				14F92E302E1BB2ED00712D87 /* XCRemoteSwiftPackageReference "ZipArchive" */,
			);
			preferredProjectObjectVersion = 56;
			productRefGroup = 14DD50AF2BE1F5C4004329E2 /* Products */;
			projectDirPath = "";
			projectRoot = "";
			targets = (
				14DD50AD2BE1F5C4004329E2 /* Off Day */,
				149065842F3E8E26002DEAB7 /* UnitTests */,
			);
		};
/* End PBXProject section */

/* Begin PBXResourcesBuildPhase section */
		149065832F3E8E26002DEAB7 /* Resources */ = {
			isa = PBXResourcesBuildPhase;
			buildActionMask = 2147483647;
			files = (
			);
			runOnlyForDeploymentPostprocessing = 0;
		};
		14DD50AC2BE1F5C4004329E2 /* Resources */ = {
			isa = PBXResourcesBuildPhase;
			buildActionMask = 2147483647;
			files = (
			);
			runOnlyForDeploymentPostprocessing = 0;
		};
/* End PBXResourcesBuildPhase section */

/* Begin PBXSourcesBuildPhase section */
		149065812F3E8E26002DEAB7 /* Sources */ = {
			isa = PBXSourcesBuildPhase;
			buildActionMask = 2147483647;
			files = (
			);
			runOnlyForDeploymentPostprocessing = 0;
		};
		14DD50AA2BE1F5C4004329E2 /* Sources */ = {
			isa = PBXSourcesBuildPhase;
			buildActionMask = 2147483647;
			files = (
			);
			runOnlyForDeploymentPostprocessing = 0;
		};
/* End PBXSourcesBuildPhase section */

/* Begin PBXTargetDependency section */
		1490658A2F3E8E26002DEAB7 /* PBXTargetDependency */ = {
			isa = PBXTargetDependency;
			target = 14DD50AD2BE1F5C4004329E2 /* Off Day */;
			targetProxy = 149065892F3E8E26002DEAB7 /* PBXContainerItemProxy */;
		};
/* End PBXTargetDependency section */

/* Begin XCBuildConfiguration section */
		1490658B2F3E8E26002DEAB7 /* Debug */ = {
			isa = XCBuildConfiguration;
			buildSettings = {
				BUNDLE_LOADER = "$(TEST_HOST)";
				CODE_SIGN_STYLE = Automatic;
				CURRENT_PROJECT_VERSION = 1;
				DEVELOPMENT_TEAM = KKQQQNKMM6;
				GENERATE_INFOPLIST_FILE = YES;
				IPHONEOS_DEPLOYMENT_TARGET = 16.6;
				MARKETING_VERSION = 1.0;
				PRODUCT_BUNDLE_IDENTIFIER = com.zizicici.zzz.test.unit;
				PRODUCT_NAME = "$(TARGET_NAME)";
				STRING_CATALOG_GENERATE_SYMBOLS = NO;
				SWIFT_APPROACHABLE_CONCURRENCY = YES;
				SWIFT_EMIT_LOC_STRINGS = NO;
				SWIFT_UPCOMING_FEATURE_MEMBER_IMPORT_VISIBILITY = YES;
				SWIFT_VERSION = 5.0;
				TARGETED_DEVICE_FAMILY = "1,2";
				TEST_HOST = "$(BUILT_PRODUCTS_DIR)/Off Day.app/$(BUNDLE_EXECUTABLE_FOLDER_PATH)/Off Day";
			};
			name = Debug;
		};
		1490658C2F3E8E26002DEAB7 /* Release */ = {
			isa = XCBuildConfiguration;
			buildSettings = {
				BUNDLE_LOADER = "$(TEST_HOST)";
				CODE_SIGN_STYLE = Automatic;
				CURRENT_PROJECT_VERSION = 1;
				DEVELOPMENT_TEAM = KKQQQNKMM6;
				GENERATE_INFOPLIST_FILE = YES;
				IPHONEOS_DEPLOYMENT_TARGET = 16.6;
				MARKETING_VERSION = 1.0;
				PRODUCT_BUNDLE_IDENTIFIER = com.zizicici.zzz.test.unit;
				PRODUCT_NAME = "$(TARGET_NAME)";
				STRING_CATALOG_GENERATE_SYMBOLS = NO;
				SWIFT_APPROACHABLE_CONCURRENCY = YES;
				SWIFT_EMIT_LOC_STRINGS = NO;
				SWIFT_UPCOMING_FEATURE_MEMBER_IMPORT_VISIBILITY = YES;
				SWIFT_VERSION = 5.0;
				TARGETED_DEVICE_FAMILY = "1,2";
				TEST_HOST = "$(BUILT_PRODUCTS_DIR)/Off Day.app/$(BUNDLE_EXECUTABLE_FOLDER_PATH)/Off Day";
			};
			name = Release;
		};
		14DD50C02BE1F5C5004329E2 /* Debug */ = {
			isa = XCBuildConfiguration;
			buildSettings = {
				ALWAYS_SEARCH_USER_PATHS = NO;
				ASSETCATALOG_COMPILER_GENERATE_SWIFT_ASSET_SYMBOL_EXTENSIONS = YES;
				CLANG_ANALYZER_NONNULL = YES;
				CLANG_ANALYZER_NUMBER_OBJECT_CONVERSION = YES_AGGRESSIVE;
				CLANG_CXX_LANGUAGE_STANDARD = "gnu++20";
				CLANG_ENABLE_MODULES = YES;
				CLANG_ENABLE_OBJC_ARC = YES;
				CLANG_ENABLE_OBJC_WEAK = YES;
				CLANG_WARN_BLOCK_CAPTURE_AUTORELEASING = YES;
				CLANG_WARN_BOOL_CONVERSION = YES;
				CLANG_WARN_COMMA = YES;
				CLANG_WARN_CONSTANT_CONVERSION = YES;
				CLANG_WARN_DEPRECATED_OBJC_IMPLEMENTATIONS = YES;
				CLANG_WARN_DIRECT_OBJC_ISA_USAGE = YES_ERROR;
				CLANG_WARN_DOCUMENTATION_COMMENTS = YES;
				CLANG_WARN_EMPTY_BODY = YES;
				CLANG_WARN_ENUM_CONVERSION = YES;
				CLANG_WARN_INFINITE_RECURSION = YES;
				CLANG_WARN_INT_CONVERSION = YES;
				CLANG_WARN_NON_LITERAL_NULL_CONVERSION = YES;
				CLANG_WARN_OBJC_IMPLICIT_RETAIN_SELF = YES;
				CLANG_WARN_OBJC_LITERAL_CONVERSION = YES;
				CLANG_WARN_OBJC_ROOT_CLASS = YES_ERROR;
				CLANG_WARN_QUOTED_INCLUDE_IN_FRAMEWORK_HEADER = YES;
				CLANG_WARN_RANGE_LOOP_ANALYSIS = YES;
				CLANG_WARN_STRICT_PROTOTYPES = YES;
				CLANG_WARN_SUSPICIOUS_MOVE = YES;
				CLANG_WARN_UNGUARDED_AVAILABILITY = YES_AGGRESSIVE;
				CLANG_WARN_UNREACHABLE_CODE = YES;
				CLANG_WARN__DUPLICATE_METHOD_MATCH = YES;
				COPY_PHASE_STRIP = NO;
				DEBUG_INFORMATION_FORMAT = dwarf;
				ENABLE_STRICT_OBJC_MSGSEND = YES;
				ENABLE_TESTABILITY = YES;
				ENABLE_USER_SCRIPT_SANDBOXING = YES;
				GCC_C_LANGUAGE_STANDARD = gnu17;
				GCC_DYNAMIC_NO_PIC = NO;
				GCC_NO_COMMON_BLOCKS = YES;
				GCC_OPTIMIZATION_LEVEL = 0;
				GCC_PREPROCESSOR_DEFINITIONS = (
					"DEBUG=1",
					"$(inherited)",
				);
				GCC_WARN_64_TO_32_BIT_CONVERSION = YES;
				GCC_WARN_ABOUT_RETURN_TYPE = YES_ERROR;
				GCC_WARN_UNDECLARED_SELECTOR = YES;
				GCC_WARN_UNINITIALIZED_AUTOS = YES_AGGRESSIVE;
				GCC_WARN_UNUSED_FUNCTION = YES;
				GCC_WARN_UNUSED_VARIABLE = YES;
				IPHONEOS_DEPLOYMENT_TARGET = 16.0;
				LOCALIZATION_PREFERS_STRING_CATALOGS = YES;
				MTL_ENABLE_DEBUG_INFO = INCLUDE_SOURCE;
				MTL_FAST_MATH = YES;
				ONLY_ACTIVE_ARCH = YES;
				SDKROOT = iphoneos;
				SWIFT_ACTIVE_COMPILATION_CONDITIONS = "DEBUG $(inherited)";
				SWIFT_OPTIMIZATION_LEVEL = "-Onone";
			};
			name = Debug;
		};
		14DD50C12BE1F5C5004329E2 /* Release */ = {
			isa = XCBuildConfiguration;
			buildSettings = {
				ALWAYS_SEARCH_USER_PATHS = NO;
				ASSETCATALOG_COMPILER_GENERATE_SWIFT_ASSET_SYMBOL_EXTENSIONS = YES;
				CLANG_ANALYZER_NONNULL = YES;
				CLANG_ANALYZER_NUMBER_OBJECT_CONVERSION = YES_AGGRESSIVE;
				CLANG_CXX_LANGUAGE_STANDARD = "gnu++20";
				CLANG_ENABLE_MODULES = YES;
				CLANG_ENABLE_OBJC_ARC = YES;
				CLANG_ENABLE_OBJC_WEAK = YES;
				CLANG_WARN_BLOCK_CAPTURE_AUTORELEASING = YES;
				CLANG_WARN_BOOL_CONVERSION = YES;
				CLANG_WARN_COMMA = YES;
				CLANG_WARN_CONSTANT_CONVERSION = YES;
				CLANG_WARN_DEPRECATED_OBJC_IMPLEMENTATIONS = YES;
				CLANG_WARN_DIRECT_OBJC_ISA_USAGE = YES_ERROR;
				CLANG_WARN_DOCUMENTATION_COMMENTS = YES;
				CLANG_WARN_EMPTY_BODY = YES;
				CLANG_WARN_ENUM_CONVERSION = YES;
				CLANG_WARN_INFINITE_RECURSION = YES;
				CLANG_WARN_INT_CONVERSION = YES;
				CLANG_WARN_NON_LITERAL_NULL_CONVERSION = YES;
				CLANG_WARN_OBJC_IMPLICIT_RETAIN_SELF = YES;
				CLANG_WARN_OBJC_LITERAL_CONVERSION = YES;
				CLANG_WARN_OBJC_ROOT_CLASS = YES_ERROR;
				CLANG_WARN_QUOTED_INCLUDE_IN_FRAMEWORK_HEADER = YES;
				CLANG_WARN_RANGE_LOOP_ANALYSIS = YES;
				CLANG_WARN_STRICT_PROTOTYPES = YES;
				CLANG_WARN_SUSPICIOUS_MOVE = YES;
				CLANG_WARN_UNGUARDED_AVAILABILITY = YES_AGGRESSIVE;
				CLANG_WARN_UNREACHABLE_CODE = YES;
				CLANG_WARN__DUPLICATE_METHOD_MATCH = YES;
				COPY_PHASE_STRIP = NO;
				DEBUG_INFORMATION_FORMAT = "dwarf-with-dsym";
				ENABLE_NS_ASSERTIONS = NO;
				ENABLE_STRICT_OBJC_MSGSEND = YES;
				ENABLE_USER_SCRIPT_SANDBOXING = YES;
				GCC_C_LANGUAGE_STANDARD = gnu17;
				GCC_NO_COMMON_BLOCKS = YES;
				GCC_WARN_64_TO_32_BIT_CONVERSION = YES;
				GCC_WARN_ABOUT_RETURN_TYPE = YES_ERROR;
				GCC_WARN_UNDECLARED_SELECTOR = YES;
				GCC_WARN_UNINITIALIZED_AUTOS = YES_AGGRESSIVE;
				GCC_WARN_UNUSED_FUNCTION = YES;
				GCC_WARN_UNUSED_VARIABLE = YES;
				IPHONEOS_DEPLOYMENT_TARGET = 16.0;
				LOCALIZATION_PREFERS_STRING_CATALOGS = YES;
				MTL_ENABLE_DEBUG_INFO = NO;
				MTL_FAST_MATH = YES;
				SDKROOT = iphoneos;
				SWIFT_COMPILATION_MODE = wholemodule;
				VALIDATE_PRODUCT = YES;
			};
			name = Release;
		};
		14DD50C32BE1F5C5004329E2 /* Debug */ = {
			isa = XCBuildConfiguration;
			buildSettings = {
				ASSETCATALOG_COMPILER_APPICON_NAME = AppIcon;
				ASSETCATALOG_COMPILER_GLOBAL_ACCENT_COLOR_NAME = AccentColor;
				ASSETCATALOG_COMPILER_INCLUDE_ALL_APPICON_ASSETS = YES;
				CODE_SIGN_ENTITLEMENTS = "Off Day/Off Day.entitlements";
				CODE_SIGN_STYLE = Automatic;
				CURRENT_PROJECT_VERSION = 1;
				DEVELOPMENT_TEAM = KKQQQNKMM6;
				GENERATE_INFOPLIST_FILE = YES;
				INFOPLIST_FILE = "Off Day/Info.plist";
				INFOPLIST_KEY_ITSAppUsesNonExemptEncryption = NO;
				INFOPLIST_KEY_LSApplicationCategoryType = "public.app-category.lifestyle";
				INFOPLIST_KEY_UIApplicationSupportsIndirectInputEvents = YES;
				INFOPLIST_KEY_UILaunchStoryboardName = LaunchScreen;
				INFOPLIST_KEY_UIStatusBarStyle = UIStatusBarStyleLightContent;
				INFOPLIST_KEY_UISupportedInterfaceOrientations = UIInterfaceOrientationPortrait;
				INFOPLIST_KEY_UISupportedInterfaceOrientations_iPad = "UIInterfaceOrientationLandscapeLeft UIInterfaceOrientationLandscapeRight UIInterfaceOrientationPortrait UIInterfaceOrientationPortraitUpsideDown";
				IPHONEOS_DEPLOYMENT_TARGET = 16.0;
				LD_RUNPATH_SEARCH_PATHS = (
					"$(inherited)",
					"@executable_path/Frameworks",
				);
				MARKETING_VERSION = 1.8.0;
				PRODUCT_BUNDLE_IDENTIFIER = com.zizicici.zzz;
				PRODUCT_NAME = "$(TARGET_NAME)";
				SWIFT_EMIT_LOC_STRINGS = YES;
				SWIFT_VERSION = 5.0;
				TARGETED_DEVICE_FAMILY = "1,2";
			};
			name = Debug;
		};
		14DD50C42BE1F5C5004329E2 /* Release */ = {
			isa = XCBuildConfiguration;
			buildSettings = {
				ASSETCATALOG_COMPILER_APPICON_NAME = AppIcon;
				ASSETCATALOG_COMPILER_GLOBAL_ACCENT_COLOR_NAME = AccentColor;
				ASSETCATALOG_COMPILER_INCLUDE_ALL_APPICON_ASSETS = YES;
				CODE_SIGN_ENTITLEMENTS = "Off Day/Off Day.entitlements";
				CODE_SIGN_STYLE = Automatic;
				CURRENT_PROJECT_VERSION = 1;
				DEVELOPMENT_TEAM = KKQQQNKMM6;
				GENERATE_INFOPLIST_FILE = YES;
				INFOPLIST_FILE = "Off Day/Info.plist";
				INFOPLIST_KEY_ITSAppUsesNonExemptEncryption = NO;
				INFOPLIST_KEY_LSApplicationCategoryType = "public.app-category.lifestyle";
				INFOPLIST_KEY_UIApplicationSupportsIndirectInputEvents = YES;
				INFOPLIST_KEY_UILaunchStoryboardName = LaunchScreen;
				INFOPLIST_KEY_UIStatusBarStyle = UIStatusBarStyleLightContent;
				INFOPLIST_KEY_UISupportedInterfaceOrientations = UIInterfaceOrientationPortrait;
				INFOPLIST_KEY_UISupportedInterfaceOrientations_iPad = "UIInterfaceOrientationLandscapeLeft UIInterfaceOrientationLandscapeRight UIInterfaceOrientationPortrait UIInterfaceOrientationPortraitUpsideDown";
				IPHONEOS_DEPLOYMENT_TARGET = 16.0;
				LD_RUNPATH_SEARCH_PATHS = (
					"$(inherited)",
					"@executable_path/Frameworks",
				);
				MARKETING_VERSION = 1.8.0;
				PRODUCT_BUNDLE_IDENTIFIER = com.zizicici.zzz;
				PRODUCT_NAME = "$(TARGET_NAME)";
				SWIFT_EMIT_LOC_STRINGS = YES;
				SWIFT_VERSION = 5.0;
				TARGETED_DEVICE_FAMILY = "1,2";
			};
			name = Release;
		};
/* End XCBuildConfiguration section */

/* Begin XCConfigurationList section */
		1490658D2F3E8E26002DEAB7 /* Build configuration list for PBXNativeTarget "UnitTests" */ = {
			isa = XCConfigurationList;
			buildConfigurations = (
				1490658B2F3E8E26002DEAB7 /* Debug */,
				1490658C2F3E8E26002DEAB7 /* Release */,
			);
			defaultConfigurationIsVisible = 0;
			defaultConfigurationName = Release;
		};
		14DD50A92BE1F5C4004329E2 /* Build configuration list for PBXProject "Off Day" */ = {
			isa = XCConfigurationList;
			buildConfigurations = (
				14DD50C02BE1F5C5004329E2 /* Debug */,
				14DD50C12BE1F5C5004329E2 /* Release */,
			);
			defaultConfigurationIsVisible = 0;
			defaultConfigurationName = Release;
		};
		14DD50C22BE1F5C5004329E2 /* Build configuration list for PBXNativeTarget "Off Day" */ = {
			isa = XCConfigurationList;
			buildConfigurations = (
				14DD50C32BE1F5C5004329E2 /* Debug */,
				14DD50C42BE1F5C5004329E2 /* Release */,
			);
			defaultConfigurationIsVisible = 0;
			defaultConfigurationName = Release;
		};
/* End XCConfigurationList section */

/* Begin XCRemoteSwiftPackageReference section */
		1498CF192C402CD2005562AA /* XCRemoteSwiftPackageReference "ZCCalendar" */ = {
			isa = XCRemoteSwiftPackageReference;
			repositoryURL = "https://github.com/zizicici/ZCCalendar";
			requirement = {
				kind = upToNextMajorVersion;
				minimumVersion = 0.1.4;
			};
		};
		14B36F802DE2187600E96C56 /* XCRemoteSwiftPackageReference "MarqueeLabel" */ = {
			isa = XCRemoteSwiftPackageReference;
			repositoryURL = "https://github.com/cbpowell/MarqueeLabel";
			requirement = {
				kind = upToNextMajorVersion;
				minimumVersion = 4.5.0;
			};
		};
		14DD50C52BE1F78F004329E2 /* XCRemoteSwiftPackageReference "SnapKit" */ = {
			isa = XCRemoteSwiftPackageReference;
			repositoryURL = "https://github.com/SnapKit/SnapKit";
			requirement = {
				kind = upToNextMajorVersion;
				minimumVersion = 5.7.1;
			};
		};
		14DD51072BE20D8D004329E2 /* XCRemoteSwiftPackageReference "Toast-Swift" */ = {
			isa = XCRemoteSwiftPackageReference;
			repositoryURL = "https://github.com/scalessec/Toast-Swift";
			requirement = {
				kind = upToNextMajorVersion;
				minimumVersion = 5.1.1;
			};
		};
		14DD510A2BE20F3A004329E2 /* XCRemoteSwiftPackageReference "GRDB" */ = {
			isa = XCRemoteSwiftPackageReference;
			repositoryURL = "https://github.com/groue/GRDB.swift";
			requirement = {
				kind = upToNextMajorVersion;
				minimumVersion = 7.10.0;
			};
		};
		14EF2B722BFB44FA00F8C684 /* XCRemoteSwiftPackageReference "MoreKit" */ = {
			isa = XCRemoteSwiftPackageReference;
			repositoryURL = "https://github.com/zizicici/MoreKit";
			requirement = {
				kind = upToNextMajorVersion;
				minimumVersion = 1.8.1;
			};
		};
		14F92E302E1BB2ED00712D87 /* XCRemoteSwiftPackageReference "ZipArchive" */ = {
			isa = XCRemoteSwiftPackageReference;
			repositoryURL = "https://github.com/ZipArchive/ZipArchive.git";
			requirement = {
				kind = upToNextMajorVersion;
				minimumVersion = 2.6.0;
			};
		};
/* End XCRemoteSwiftPackageReference section */

/* Begin XCSwiftPackageProductDependency section */
		1498CF1A2C402CD2005562AA /* ZCCalendar */ = {
			isa = XCSwiftPackageProductDependency;
			package = 1498CF192C402CD2005562AA /* XCRemoteSwiftPackageReference "ZCCalendar" */;
			productName = ZCCalendar;
		};
		14B36F812DE2187600E96C56 /* MarqueeLabel */ = {
			isa = XCSwiftPackageProductDependency;
			package = 14B36F802DE2187600E96C56 /* XCRemoteSwiftPackageReference "MarqueeLabel" */;
			productName = MarqueeLabel;
		};
		14DD50C62BE1F78F004329E2 /* SnapKit */ = {
			isa = XCSwiftPackageProductDependency;
			package = 14DD50C52BE1F78F004329E2 /* XCRemoteSwiftPackageReference "SnapKit" */;
			productName = SnapKit;
		};
		14DD51082BE20D8D004329E2 /* Toast */ = {
			isa = XCSwiftPackageProductDependency;
			package = 14DD51072BE20D8D004329E2 /* XCRemoteSwiftPackageReference "Toast-Swift" */;
			productName = Toast;
		};
		14DD510B2BE20F3A004329E2 /* GRDB */ = {
			isa = XCSwiftPackageProductDependency;
			package = 14DD510A2BE20F3A004329E2 /* XCRemoteSwiftPackageReference "GRDB" */;
			productName = GRDB;
		};
		14EF2B732BFB44FA00F8C684 /* MoreKit */ = {
			isa = XCSwiftPackageProductDependency;
			package = 14EF2B722BFB44FA00F8C684 /* XCRemoteSwiftPackageReference "MoreKit" */;
			productName = MoreKit;
		};
		14F92E312E1BB2ED00712D87 /* ZipArchive */ = {
			isa = XCSwiftPackageProductDependency;
			package = 14F92E302E1BB2ED00712D87 /* XCRemoteSwiftPackageReference "ZipArchive" */;
			productName = ZipArchive;
		};
/* End XCSwiftPackageProductDependency section */
	};
	rootObject = 14DD50A62BE1F5C4004329E2 /* Project object */;
}
