// !$*UTF8*$!
{
	archiveVersion = 1;
	classes = {
	};
	objectVersion = 56;
	objects = {

/* Begin PBXBuildFile section */
		1498CF0F2C3F72F8005562AA /* UpdateDayMarkIntent.swift in Sources */ = {isa = PBXBuildFile; fileRef = 1498CF0E2C3F72F8005562AA /* UpdateDayMarkIntent.swift */; };
		1498CF1B2C402CD2005562AA /* ZCCalendar in Frameworks */ = {isa = PBXBuildFile; productRef = 1498CF1A2C402CD2005562AA /* ZCCalendar */; };
		14CFA1272BEC92A90004D15E /* CheckDayClashIntent.swift in Sources */ = {isa = PBXBuildFile; fileRef = 14CFA1262BEC92A90004D15E /* CheckDayClashIntent.swift */; };
		14D6F9202BEB05FA008712E1 /* BaseCalendarEditorViewController.swift in Sources */ = {isa = PBXBuildFile; fileRef = 14D6F91F2BEB05FA008712E1 /* BaseCalendarEditorViewController.swift */; };
		14D6F9242BEB31E6008712E1 /* StandardConfigCell.swift in Sources */ = {isa = PBXBuildFile; fileRef = 14D6F9232BEB31E6008712E1 /* StandardConfigCell.swift */; };
		14D6F9262BEB412A008712E1 /* MenuCell.swift in Sources */ = {isa = PBXBuildFile; fileRef = 14D6F9252BEB412A008712E1 /* MenuCell.swift */; };
		14D6F9282BEB6B5E008712E1 /* WeekCalendarCell.swift in Sources */ = {isa = PBXBuildFile; fileRef = 14D6F9272BEB6B5E008712E1 /* WeekCalendarCell.swift */; };
		14D6F92A2BEB6C86008712E1 /* DateCell.swift in Sources */ = {isa = PBXBuildFile; fileRef = 14D6F9292BEB6C86008712E1 /* DateCell.swift */; };
		14D6F92C2BEB90F6008712E1 /* BaseCalendarManager.swift in Sources */ = {isa = PBXBuildFile; fileRef = 14D6F92B2BEB90F6008712E1 /* BaseCalendarManager.swift */; };
		14D6F92E2BEBDDF4008712E1 /* BaseCalendarConfig.swift in Sources */ = {isa = PBXBuildFile; fileRef = 14D6F92D2BEBDDF4008712E1 /* BaseCalendarConfig.swift */; };
		14D9D71C2CA44A2E00257C07 /* NextDayIntent.swift in Sources */ = {isa = PBXBuildFile; fileRef = 14D9D71B2CA44A2E00257C07 /* NextDayIntent.swift */; };
		14DD50B22BE1F5C4004329E2 /* AppDelegate.swift in Sources */ = {isa = PBXBuildFile; fileRef = 14DD50B12BE1F5C4004329E2 /* AppDelegate.swift */; };
		14DD50B42BE1F5C4004329E2 /* SceneDelegate.swift in Sources */ = {isa = PBXBuildFile; fileRef = 14DD50B32BE1F5C4004329E2 /* SceneDelegate.swift */; };
		14DD50BB2BE1F5C5004329E2 /* Assets.xcassets in Resources */ = {isa = PBXBuildFile; fileRef = 14DD50BA2BE1F5C5004329E2 /* Assets.xcassets */; };
		14DD50BE2BE1F5C5004329E2 /* Base in Resources */ = {isa = PBXBuildFile; fileRef = 14DD50BD2BE1F5C5004329E2 /* Base */; };
		14DD50C72BE1F78F004329E2 /* SnapKit in Frameworks */ = {isa = PBXBuildFile; productRef = 14DD50C62BE1F78F004329E2 /* SnapKit */; };
		14DD50C92BE1F7BD004329E2 /* Localizable.xcstrings in Resources */ = {isa = PBXBuildFile; fileRef = 14DD50C82BE1F7BD004329E2 /* Localizable.xcstrings */; };
		14DD50CB2BE1F7F2004329E2 /* InfoPlist.xcstrings in Resources */ = {isa = PBXBuildFile; fileRef = 14DD50CA2BE1F7F2004329E2 /* InfoPlist.xcstrings */; };
		14DD50EB2BE20BC1004329E2 /* BlockViewController+CellRegistration.swift in Sources */ = {isa = PBXBuildFile; fileRef = 14DD50CD2BE20BC1004329E2 /* BlockViewController+CellRegistration.swift */; };
		14DD50EC2BE20BC1004329E2 /* BlockViewController+Enum.swift in Sources */ = {isa = PBXBuildFile; fileRef = 14DD50CE2BE20BC1004329E2 /* BlockViewController+Enum.swift */; };
		14DD50ED2BE20BC1004329E2 /* BlockViewController+Layout.swift in Sources */ = {isa = PBXBuildFile; fileRef = 14DD50CF2BE20BC1004329E2 /* BlockViewController+Layout.swift */; };
		14DD50EF2BE20BC1004329E2 /* BlockViewController+Popover.swift in Sources */ = {isa = PBXBuildFile; fileRef = 14DD50D12BE20BC1004329E2 /* BlockViewController+Popover.swift */; };
		14DD50F12BE20BC1004329E2 /* DayByDayHandler.swift in Sources */ = {isa = PBXBuildFile; fileRef = 14DD50D42BE20BC1004329E2 /* DayByDayHandler.swift */; };
		14DD50F22BE20BC1004329E2 /* DisplayHandler.swift in Sources */ = {isa = PBXBuildFile; fileRef = 14DD50D52BE20BC1004329E2 /* DisplayHandler.swift */; };
		14DD50F32BE20BC1004329E2 /* LayoutGenerator.swift in Sources */ = {isa = PBXBuildFile; fileRef = 14DD50D62BE20BC1004329E2 /* LayoutGenerator.swift */; };
		14DD50F52BE20BC1004329E2 /* DayGrid.swift in Sources */ = {isa = PBXBuildFile; fileRef = 14DD50D82BE20BC1004329E2 /* DayGrid.swift */; };
		14DD50F62BE20BC1004329E2 /* BlockItem.swift in Sources */ = {isa = PBXBuildFile; fileRef = 14DD50DA2BE20BC1004329E2 /* BlockItem.swift */; };
		14DD50F82BE20BC1004329E2 /* BlockCell.swift in Sources */ = {isa = PBXBuildFile; fileRef = 14DD50DD2BE20BC1004329E2 /* BlockCell.swift */; };
		14DD50FC2BE20BC1004329E2 /* HoverGestureRecognizer.swift in Sources */ = {isa = PBXBuildFile; fileRef = 14DD50E12BE20BC1004329E2 /* HoverGestureRecognizer.swift */; };
		14DD50FD2BE20BC1004329E2 /* ImpactGenerator.swift in Sources */ = {isa = PBXBuildFile; fileRef = 14DD50E22BE20BC1004329E2 /* ImpactGenerator.swift */; };
		14DD50FE2BE20BC1004329E2 /* UIDraggableCollectionView.swift in Sources */ = {isa = PBXBuildFile; fileRef = 14DD50E32BE20BC1004329E2 /* UIDraggableCollectionView.swift */; };
		14DD51002BE20BC1004329E2 /* BlockBaseViewController.swift in Sources */ = {isa = PBXBuildFile; fileRef = 14DD50E62BE20BC1004329E2 /* BlockBaseViewController.swift */; };
		14DD51012BE20BC1004329E2 /* BlockDetailViewController.swift in Sources */ = {isa = PBXBuildFile; fileRef = 14DD50E72BE20BC1004329E2 /* BlockDetailViewController.swift */; };
		14DD51022BE20BC1004329E2 /* BlockViewController.swift in Sources */ = {isa = PBXBuildFile; fileRef = 14DD50E82BE20BC1004329E2 /* BlockViewController.swift */; };
		14DD51092BE20D8D004329E2 /* Toast in Frameworks */ = {isa = PBXBuildFile; productRef = 14DD51082BE20D8D004329E2 /* Toast */; };
		14DD510C2BE20F3A004329E2 /* GRDB in Frameworks */ = {isa = PBXBuildFile; productRef = 14DD510B2BE20F3A004329E2 /* GRDB */; };
		14DD511A2BE21050004329E2 /* Date+Extension.swift in Sources */ = {isa = PBXBuildFile; fileRef = 14DD510D2BE21050004329E2 /* Date+Extension.swift */; };
		14DD511F2BE21050004329E2 /* CustomDay.swift in Sources */ = {isa = PBXBuildFile; fileRef = 14DD51132BE21050004329E2 /* CustomDay.swift */; };
		14DD51212BE21050004329E2 /* AppDatabase.swift in Sources */ = {isa = PBXBuildFile; fileRef = 14DD51162BE21050004329E2 /* AppDatabase.swift */; };
		14DD51222BE21050004329E2 /* Persistence.swift in Sources */ = {isa = PBXBuildFile; fileRef = 14DD51172BE21050004329E2 /* Persistence.swift */; };
		14DD51232BE21050004329E2 /* TimestampedRecord.swift in Sources */ = {isa = PBXBuildFile; fileRef = 14DD51182BE21050004329E2 /* TimestampedRecord.swift */; };
		14DD51282BE213AD004329E2 /* CustomDayManager.swift in Sources */ = {isa = PBXBuildFile; fileRef = 14DD51252BE213AD004329E2 /* CustomDayManager.swift */; };
		14DD512C2BE21AB8004329E2 /* UIColor+Extension.swift in Sources */ = {isa = PBXBuildFile; fileRef = 14DD51292BE21AB8004329E2 /* UIColor+Extension.swift */; };
		14DD512D2BE21AB8004329E2 /* UIViewController+Extension.swift in Sources */ = {isa = PBXBuildFile; fileRef = 14DD512A2BE21AB8004329E2 /* UIViewController+Extension.swift */; };
		14DD513C2BE2356A004329E2 /* NavigationViewController.swift in Sources */ = {isa = PBXBuildFile; fileRef = 14DD51382BE2356A004329E2 /* NavigationViewController.swift */; };
		14DD513D2BE2356A004329E2 /* TabbarController.swift in Sources */ = {isa = PBXBuildFile; fileRef = 14DD51392BE2356A004329E2 /* TabbarController.swift */; };
		14DD51402BE2459C004329E2 /* MoreViewController.swift in Sources */ = {isa = PBXBuildFile; fileRef = 14DD513F2BE2459C004329E2 /* MoreViewController.swift */; };
		14DD51432BE24642004329E2 /* TutorialsViewController.swift in Sources */ = {isa = PBXBuildFile; fileRef = 14DD51422BE24642004329E2 /* TutorialsViewController.swift */; };
		14DD51482BE24EA9004329E2 /* CustomPublicDay.swift in Sources */ = {isa = PBXBuildFile; fileRef = 14DD51472BE24EA9004329E2 /* CustomPublicDay.swift */; };
		14DD514A2BE27A9E004329E2 /* CheckDayIntent.swift in Sources */ = {isa = PBXBuildFile; fileRef = 14DD51492BE27A9E004329E2 /* CheckDayIntent.swift */; };
		14E49C972BE9C07B00431EA9 /* SettingOptionsViewController.swift in Sources */ = {isa = PBXBuildFile; fileRef = 14E49C962BE9C07B00431EA9 /* SettingOptionsViewController.swift */; };
		14E49C992BEA078A00431EA9 /* th.json in Resources */ = {isa = PBXBuildFile; fileRef = 14E49C982BEA078A00431EA9 /* th.json */; };
		14E49C9B2BEA117000431EA9 /* kr.json in Resources */ = {isa = PBXBuildFile; fileRef = 14E49C9A2BEA117000431EA9 /* kr.json */; };
		14E6D9BA2BE495F000931F3D /* Toast+Stryle.swift in Sources */ = {isa = PBXBuildFile; fileRef = 14E6D9B92BE495F000931F3D /* Toast+Stryle.swift */; };
		14E6D9BC2BE4A81C00931F3D /* PublicPlanViewController.swift in Sources */ = {isa = PBXBuildFile; fileRef = 14E6D9BB2BE4A81C00931F3D /* PublicPlanViewController.swift */; };
		14EA29F22CA500850055A496 /* DayManager.swift in Sources */ = {isa = PBXBuildFile; fileRef = 14EA29F12CA500850055A496 /* DayManager.swift */; };
		14EC7FDA2BEF0FA3003BB07E /* AppPublicPlan.swift in Sources */ = {isa = PBXBuildFile; fileRef = 14EC7FD92BEF0FA3003BB07E /* AppPublicPlan.swift */; };
		14EC7FDC2BEF3CEE003BB07E /* PublicDay.swift in Sources */ = {isa = PBXBuildFile; fileRef = 14EC7FDB2BEF3CEE003BB07E /* PublicDay.swift */; };
		14ECFEED2BE5F30C005D2D79 /* PublicPlanManager.swift in Sources */ = {isa = PBXBuildFile; fileRef = 14ECFEEC2BE5F30C005D2D79 /* PublicPlanManager.swift */; };
		14ECFEF52BE5FBEE005D2D79 /* cn-xinjiang.json in Resources */ = {isa = PBXBuildFile; fileRef = 14ECFEEF2BE5FBED005D2D79 /* cn-xinjiang.json */; };
		14ECFEF62BE5FBEE005D2D79 /* cn-guangxi.json in Resources */ = {isa = PBXBuildFile; fileRef = 14ECFEF02BE5FBED005D2D79 /* cn-guangxi.json */; };
		14ECFEF72BE5FBEE005D2D79 /* cn-ningxia.json in Resources */ = {isa = PBXBuildFile; fileRef = 14ECFEF12BE5FBED005D2D79 /* cn-ningxia.json */; };
		14ECFEF82BE5FBEE005D2D79 /* cn-xizang.json in Resources */ = {isa = PBXBuildFile; fileRef = 14ECFEF22BE5FBEE005D2D79 /* cn-xizang.json */; };
		14ECFEF92BE5FBEE005D2D79 /* cn-mainland.json in Resources */ = {isa = PBXBuildFile; fileRef = 14ECFEF32BE5FBEE005D2D79 /* cn-mainland.json */; };
		14ECFEFA2BE5FBEE005D2D79 /* jp.json in Resources */ = {isa = PBXBuildFile; fileRef = 14ECFEF42BE5FBEE005D2D79 /* jp.json */; };
		14ECFEFD2BE62DCE005D2D79 /* hk.json in Resources */ = {isa = PBXBuildFile; fileRef = 14ECFEFC2BE62DCE005D2D79 /* hk.json */; };
		14ECFF012BE6319B005D2D79 /* mo-public.json in Resources */ = {isa = PBXBuildFile; fileRef = 14ECFEFE2BE6319B005D2D79 /* mo-public.json */; };
		14ECFF022BE6319B005D2D79 /* mo-civil-servant.json in Resources */ = {isa = PBXBuildFile; fileRef = 14ECFEFF2BE6319B005D2D79 /* mo-civil-servant.json */; };
		14ECFF032BE6319B005D2D79 /* mo-force.json in Resources */ = {isa = PBXBuildFile; fileRef = 14ECFF002BE6319B005D2D79 /* mo-force.json */; };
		14ECFF052BE64983005D2D79 /* AppColor.swift in Sources */ = {isa = PBXBuildFile; fileRef = 14ECFF042BE64983005D2D79 /* AppColor.swift */; };
		14ECFF082BE68AE1005D2D79 /* sg.json in Resources */ = {isa = PBXBuildFile; fileRef = 14ECFF062BE68AE1005D2D79 /* sg.json */; };
		14ECFF092BE68AE1005D2D79 /* us.json in Resources */ = {isa = PBXBuildFile; fileRef = 14ECFF072BE68AE1005D2D79 /* us.json */; };
		14ED08A22BEDCCB800100E2D /* PublicPlanDetailViewController.swift in Sources */ = {isa = PBXBuildFile; fileRef = 14ED08A12BEDCCB800100E2D /* PublicPlanDetailViewController.swift */; };
		14ED08A42BEE0E8F00100E2D /* CustomPublicDayDetailViewController.swift in Sources */ = {isa = PBXBuildFile; fileRef = 14ED08A32BEE0E8F00100E2D /* CustomPublicDayDetailViewController.swift */; };
		14ED08A62BEE117500100E2D /* TextInputCell.swift in Sources */ = {isa = PBXBuildFile; fileRef = 14ED08A52BEE117500100E2D /* TextInputCell.swift */; };
		14ED08AC2BEE503D00100E2D /* PublicPlanInfo.swift in Sources */ = {isa = PBXBuildFile; fileRef = 14ED08AB2BEE503D00100E2D /* PublicPlanInfo.swift */; };
		14ED08AE2BEE511000100E2D /* PublicPlanCell.swift in Sources */ = {isa = PBXBuildFile; fileRef = 14ED08AD2BEE511000100E2D /* PublicPlanCell.swift */; };
		14ED08B02BEE55DB00100E2D /* CustomPublicPlan.swift in Sources */ = {isa = PBXBuildFile; fileRef = 14ED08AF2BEE55DB00100E2D /* CustomPublicPlan.swift */; };
		14ED08B22BEE570D00100E2D /* DayType.swift in Sources */ = {isa = PBXBuildFile; fileRef = 14ED08B12BEE570D00100E2D /* DayType.swift */; };
		14EF2B742BFB44FA00F8C684 /* AppInfo in Frameworks */ = {isa = PBXBuildFile; productRef = 14EF2B732BFB44FA00F8C684 /* AppInfo */; };
		14F2FA732BF05CB700BBE7FB /* JSONPublicPlan.swift in Sources */ = {isa = PBXBuildFile; fileRef = 14F2FA722BF05CB700BBE7FB /* JSONPublicPlan.swift */; };
		14F2FA752BF093CF00BBE7FB /* DatePickerCell.swift in Sources */ = {isa = PBXBuildFile; fileRef = 14F2FA742BF093CF00BBE7FB /* DatePickerCell.swift */; };
		14F2FA772BF102C600BBE7FB /* DayDetailIntent.swift in Sources */ = {isa = PBXBuildFile; fileRef = 14F2FA762BF102C600BBE7FB /* DayDetailIntent.swift */; };
		14F371222BE3CA6500254C39 /* Settings.swift in Sources */ = {isa = PBXBuildFile; fileRef = 14F371212BE3CA6500254C39 /* Settings.swift */; };
		14F371252BE3CB9F00254C39 /* BlockViewController+Menu.swift in Sources */ = {isa = PBXBuildFile; fileRef = 14F371242BE3CB9F00254C39 /* BlockViewController+Menu.swift */; };
		14F3712A2BE3EB4E00254C39 /* SpecificationsViewController.swift in Sources */ = {isa = PBXBuildFile; fileRef = 14F371292BE3EB4E00254C39 /* SpecificationsViewController.swift */; };
		14F8D7CE2C5C6776000B48A3 /* WeekdayOrderView.swift in Sources */ = {isa = PBXBuildFile; fileRef = 14F8D7CD2C5C6776000B48A3 /* WeekdayOrderView.swift */; };
		14F8D7D22C5C8471000B48A3 /* UIFont+Extension.swift in Sources */ = {isa = PBXBuildFile; fileRef = 14F8D7D12C5C8471000B48A3 /* UIFont+Extension.swift */; };
		14F8D7D42C5C9194000B48A3 /* MonthTitleCell.swift in Sources */ = {isa = PBXBuildFile; fileRef = 14F8D7D32C5C9194000B48A3 /* MonthTitleCell.swift */; };
/* End PBXBuildFile section */

/* Begin PBXFileReference section */
		141F38D92C9974D600347225 /* README.md */ = {isa = PBXFileReference; lastKnownFileType = net.daringfireball.markdown; path = README.md; sourceTree = "<group>"; };
		141F38DA2C9974D600347225 /* README_CN.md */ = {isa = PBXFileReference; lastKnownFileType = net.daringfireball.markdown; path = README_CN.md; sourceTree = "<group>"; };
		1498CF0E2C3F72F8005562AA /* UpdateDayMarkIntent.swift */ = {isa = PBXFileReference; lastKnownFileType = sourcecode.swift; path = UpdateDayMarkIntent.swift; sourceTree = "<group>"; };
		14CFA1262BEC92A90004D15E /* CheckDayClashIntent.swift */ = {isa = PBXFileReference; lastKnownFileType = sourcecode.swift; path = CheckDayClashIntent.swift; sourceTree = "<group>"; };
		14D6F91F2BEB05FA008712E1 /* BaseCalendarEditorViewController.swift */ = {isa = PBXFileReference; lastKnownFileType = sourcecode.swift; path = BaseCalendarEditorViewController.swift; sourceTree = "<group>"; };
		14D6F9232BEB31E6008712E1 /* StandardConfigCell.swift */ = {isa = PBXFileReference; lastKnownFileType = sourcecode.swift; path = StandardConfigCell.swift; sourceTree = "<group>"; };
		14D6F9252BEB412A008712E1 /* MenuCell.swift */ = {isa = PBXFileReference; fileEncoding = 4; lastKnownFileType = sourcecode.swift; path = MenuCell.swift; sourceTree = "<group>"; };
		14D6F9272BEB6B5E008712E1 /* WeekCalendarCell.swift */ = {isa = PBXFileReference; lastKnownFileType = sourcecode.swift; path = WeekCalendarCell.swift; sourceTree = "<group>"; };
		14D6F9292BEB6C86008712E1 /* DateCell.swift */ = {isa = PBXFileReference; fileEncoding = 4; lastKnownFileType = sourcecode.swift; path = DateCell.swift; sourceTree = "<group>"; };
		14D6F92B2BEB90F6008712E1 /* BaseCalendarManager.swift */ = {isa = PBXFileReference; lastKnownFileType = sourcecode.swift; path = BaseCalendarManager.swift; sourceTree = "<group>"; };
		14D6F92D2BEBDDF4008712E1 /* BaseCalendarConfig.swift */ = {isa = PBXFileReference; lastKnownFileType = sourcecode.swift; path = BaseCalendarConfig.swift; sourceTree = "<group>"; };
		14D9D71B2CA44A2E00257C07 /* NextDayIntent.swift */ = {isa = PBXFileReference; lastKnownFileType = sourcecode.swift; path = NextDayIntent.swift; sourceTree = "<group>"; };
		14DD50AE2BE1F5C4004329E2 /* Off Day.app */ = {isa = PBXFileReference; explicitFileType = wrapper.application; includeInIndex = 0; path = "Off Day.app"; sourceTree = BUILT_PRODUCTS_DIR; };
		14DD50B12BE1F5C4004329E2 /* AppDelegate.swift */ = {isa = PBXFileReference; lastKnownFileType = sourcecode.swift; path = AppDelegate.swift; sourceTree = "<group>"; };
		14DD50B32BE1F5C4004329E2 /* SceneDelegate.swift */ = {isa = PBXFileReference; lastKnownFileType = sourcecode.swift; path = SceneDelegate.swift; sourceTree = "<group>"; };
		14DD50BA2BE1F5C5004329E2 /* Assets.xcassets */ = {isa = PBXFileReference; lastKnownFileType = folder.assetcatalog; path = Assets.xcassets; sourceTree = "<group>"; };
		14DD50BD2BE1F5C5004329E2 /* Base */ = {isa = PBXFileReference; lastKnownFileType = file.storyboard; name = Base; path = Base.lproj/LaunchScreen.storyboard; sourceTree = "<group>"; };
		14DD50BF2BE1F5C5004329E2 /* Info.plist */ = {isa = PBXFileReference; lastKnownFileType = text.plist.xml; path = Info.plist; sourceTree = "<group>"; };
		14DD50C82BE1F7BD004329E2 /* Localizable.xcstrings */ = {isa = PBXFileReference; lastKnownFileType = text.json.xcstrings; path = Localizable.xcstrings; sourceTree = "<group>"; };
		14DD50CA2BE1F7F2004329E2 /* InfoPlist.xcstrings */ = {isa = PBXFileReference; lastKnownFileType = text.json.xcstrings; path = InfoPlist.xcstrings; sourceTree = "<group>"; };
		14DD50CD2BE20BC1004329E2 /* BlockViewController+CellRegistration.swift */ = {isa = PBXFileReference; fileEncoding = 4; lastKnownFileType = sourcecode.swift; path = "BlockViewController+CellRegistration.swift"; sourceTree = "<group>"; };
		14DD50CE2BE20BC1004329E2 /* BlockViewController+Enum.swift */ = {isa = PBXFileReference; fileEncoding = 4; lastKnownFileType = sourcecode.swift; path = "BlockViewController+Enum.swift"; sourceTree = "<group>"; };
		14DD50CF2BE20BC1004329E2 /* BlockViewController+Layout.swift */ = {isa = PBXFileReference; fileEncoding = 4; lastKnownFileType = sourcecode.swift; path = "BlockViewController+Layout.swift"; sourceTree = "<group>"; };
		14DD50D12BE20BC1004329E2 /* BlockViewController+Popover.swift */ = {isa = PBXFileReference; fileEncoding = 4; lastKnownFileType = sourcecode.swift; path = "BlockViewController+Popover.swift"; sourceTree = "<group>"; };
		14DD50D42BE20BC1004329E2 /* DayByDayHandler.swift */ = {isa = PBXFileReference; fileEncoding = 4; lastKnownFileType = sourcecode.swift; path = DayByDayHandler.swift; sourceTree = "<group>"; };
		14DD50D52BE20BC1004329E2 /* DisplayHandler.swift */ = {isa = PBXFileReference; fileEncoding = 4; lastKnownFileType = sourcecode.swift; path = DisplayHandler.swift; sourceTree = "<group>"; };
		14DD50D62BE20BC1004329E2 /* LayoutGenerator.swift */ = {isa = PBXFileReference; fileEncoding = 4; lastKnownFileType = sourcecode.swift; path = LayoutGenerator.swift; sourceTree = "<group>"; };
		14DD50D82BE20BC1004329E2 /* DayGrid.swift */ = {isa = PBXFileReference; fileEncoding = 4; lastKnownFileType = sourcecode.swift; path = DayGrid.swift; sourceTree = "<group>"; };
		14DD50DA2BE20BC1004329E2 /* BlockItem.swift */ = {isa = PBXFileReference; fileEncoding = 4; lastKnownFileType = sourcecode.swift; path = BlockItem.swift; sourceTree = "<group>"; };
		14DD50DD2BE20BC1004329E2 /* BlockCell.swift */ = {isa = PBXFileReference; fileEncoding = 4; lastKnownFileType = sourcecode.swift; path = BlockCell.swift; sourceTree = "<group>"; };
		14DD50E12BE20BC1004329E2 /* HoverGestureRecognizer.swift */ = {isa = PBXFileReference; fileEncoding = 4; lastKnownFileType = sourcecode.swift; path = HoverGestureRecognizer.swift; sourceTree = "<group>"; };
		14DD50E22BE20BC1004329E2 /* ImpactGenerator.swift */ = {isa = PBXFileReference; fileEncoding = 4; lastKnownFileType = sourcecode.swift; path = ImpactGenerator.swift; sourceTree = "<group>"; };
		14DD50E32BE20BC1004329E2 /* UIDraggableCollectionView.swift */ = {isa = PBXFileReference; fileEncoding = 4; lastKnownFileType = sourcecode.swift; path = UIDraggableCollectionView.swift; sourceTree = "<group>"; };
		14DD50E62BE20BC1004329E2 /* BlockBaseViewController.swift */ = {isa = PBXFileReference; fileEncoding = 4; lastKnownFileType = sourcecode.swift; path = BlockBaseViewController.swift; sourceTree = "<group>"; };
		14DD50E72BE20BC1004329E2 /* BlockDetailViewController.swift */ = {isa = PBXFileReference; fileEncoding = 4; lastKnownFileType = sourcecode.swift; path = BlockDetailViewController.swift; sourceTree = "<group>"; };
		14DD50E82BE20BC1004329E2 /* BlockViewController.swift */ = {isa = PBXFileReference; fileEncoding = 4; lastKnownFileType = sourcecode.swift; path = BlockViewController.swift; sourceTree = "<group>"; };
		14DD510D2BE21050004329E2 /* Date+Extension.swift */ = {isa = PBXFileReference; fileEncoding = 4; lastKnownFileType = sourcecode.swift; path = "Date+Extension.swift"; sourceTree = "<group>"; };
		14DD51132BE21050004329E2 /* CustomDay.swift */ = {isa = PBXFileReference; fileEncoding = 4; lastKnownFileType = sourcecode.swift; path = CustomDay.swift; sourceTree = "<group>"; };
		14DD51162BE21050004329E2 /* AppDatabase.swift */ = {isa = PBXFileReference; fileEncoding = 4; lastKnownFileType = sourcecode.swift; path = AppDatabase.swift; sourceTree = "<group>"; };
		14DD51172BE21050004329E2 /* Persistence.swift */ = {isa = PBXFileReference; fileEncoding = 4; lastKnownFileType = sourcecode.swift; path = Persistence.swift; sourceTree = "<group>"; };
		14DD51182BE21050004329E2 /* TimestampedRecord.swift */ = {isa = PBXFileReference; fileEncoding = 4; lastKnownFileType = sourcecode.swift; path = TimestampedRecord.swift; sourceTree = "<group>"; };
		14DD51252BE213AD004329E2 /* CustomDayManager.swift */ = {isa = PBXFileReference; fileEncoding = 4; lastKnownFileType = sourcecode.swift; path = CustomDayManager.swift; sourceTree = "<group>"; };
		14DD51292BE21AB8004329E2 /* UIColor+Extension.swift */ = {isa = PBXFileReference; fileEncoding = 4; lastKnownFileType = sourcecode.swift; path = "UIColor+Extension.swift"; sourceTree = "<group>"; };
		14DD512A2BE21AB8004329E2 /* UIViewController+Extension.swift */ = {isa = PBXFileReference; fileEncoding = 4; lastKnownFileType = sourcecode.swift; path = "UIViewController+Extension.swift"; sourceTree = "<group>"; };
		14DD51382BE2356A004329E2 /* NavigationViewController.swift */ = {isa = PBXFileReference; fileEncoding = 4; lastKnownFileType = sourcecode.swift; path = NavigationViewController.swift; sourceTree = "<group>"; };
		14DD51392BE2356A004329E2 /* TabbarController.swift */ = {isa = PBXFileReference; fileEncoding = 4; lastKnownFileType = sourcecode.swift; path = TabbarController.swift; sourceTree = "<group>"; };
		14DD513F2BE2459C004329E2 /* MoreViewController.swift */ = {isa = PBXFileReference; lastKnownFileType = sourcecode.swift; path = MoreViewController.swift; sourceTree = "<group>"; };
		14DD51422BE24642004329E2 /* TutorialsViewController.swift */ = {isa = PBXFileReference; lastKnownFileType = sourcecode.swift; path = TutorialsViewController.swift; sourceTree = "<group>"; };
		14DD51472BE24EA9004329E2 /* CustomPublicDay.swift */ = {isa = PBXFileReference; fileEncoding = 4; lastKnownFileType = sourcecode.swift; path = CustomPublicDay.swift; sourceTree = "<group>"; };
		14DD51492BE27A9E004329E2 /* CheckDayIntent.swift */ = {isa = PBXFileReference; lastKnownFileType = sourcecode.swift; path = CheckDayIntent.swift; sourceTree = "<group>"; };
		14E49C962BE9C07B00431EA9 /* SettingOptionsViewController.swift */ = {isa = PBXFileReference; lastKnownFileType = sourcecode.swift; path = SettingOptionsViewController.swift; sourceTree = "<group>"; };
		14E49C982BEA078A00431EA9 /* th.json */ = {isa = PBXFileReference; fileEncoding = 4; lastKnownFileType = text.json; path = th.json; sourceTree = "<group>"; };
		14E49C9A2BEA117000431EA9 /* kr.json */ = {isa = PBXFileReference; fileEncoding = 4; lastKnownFileType = text.json; path = kr.json; sourceTree = "<group>"; };
		14E6D9B92BE495F000931F3D /* Toast+Stryle.swift */ = {isa = PBXFileReference; lastKnownFileType = sourcecode.swift; path = "Toast+Stryle.swift"; sourceTree = "<group>"; };
		14E6D9BB2BE4A81C00931F3D /* PublicPlanViewController.swift */ = {isa = PBXFileReference; lastKnownFileType = sourcecode.swift; path = PublicPlanViewController.swift; sourceTree = "<group>"; };
		14EA29F12CA500850055A496 /* DayManager.swift */ = {isa = PBXFileReference; lastKnownFileType = sourcecode.swift; path = DayManager.swift; sourceTree = "<group>"; };
		14EC7FD92BEF0FA3003BB07E /* AppPublicPlan.swift */ = {isa = PBXFileReference; lastKnownFileType = sourcecode.swift; path = AppPublicPlan.swift; sourceTree = "<group>"; };
		14EC7FDB2BEF3CEE003BB07E /* PublicDay.swift */ = {isa = PBXFileReference; lastKnownFileType = sourcecode.swift; path = PublicDay.swift; sourceTree = "<group>"; };
		14ECFEEC2BE5F30C005D2D79 /* PublicPlanManager.swift */ = {isa = PBXFileReference; lastKnownFileType = sourcecode.swift; path = PublicPlanManager.swift; sourceTree = "<group>"; };
		14ECFEEF2BE5FBED005D2D79 /* cn-xinjiang.json */ = {isa = PBXFileReference; fileEncoding = 4; lastKnownFileType = text.json; path = "cn-xinjiang.json"; sourceTree = "<group>"; };
		14ECFEF02BE5FBED005D2D79 /* cn-guangxi.json */ = {isa = PBXFileReference; fileEncoding = 4; lastKnownFileType = text.json; path = "cn-guangxi.json"; sourceTree = "<group>"; };
		14ECFEF12BE5FBED005D2D79 /* cn-ningxia.json */ = {isa = PBXFileReference; fileEncoding = 4; lastKnownFileType = text.json; path = "cn-ningxia.json"; sourceTree = "<group>"; };
		14ECFEF22BE5FBEE005D2D79 /* cn-xizang.json */ = {isa = PBXFileReference; fileEncoding = 4; lastKnownFileType = text.json; path = "cn-xizang.json"; sourceTree = "<group>"; };
		14ECFEF32BE5FBEE005D2D79 /* cn-mainland.json */ = {isa = PBXFileReference; fileEncoding = 4; lastKnownFileType = text.json; path = "cn-mainland.json"; sourceTree = "<group>"; };
		14ECFEF42BE5FBEE005D2D79 /* jp.json */ = {isa = PBXFileReference; fileEncoding = 4; lastKnownFileType = text.json; path = jp.json; sourceTree = "<group>"; };
		14ECFEFC2BE62DCE005D2D79 /* hk.json */ = {isa = PBXFileReference; fileEncoding = 4; lastKnownFileType = text.json; path = hk.json; sourceTree = "<group>"; };
		14ECFEFE2BE6319B005D2D79 /* mo-public.json */ = {isa = PBXFileReference; fileEncoding = 4; lastKnownFileType = text.json; path = "mo-public.json"; sourceTree = "<group>"; };
		14ECFEFF2BE6319B005D2D79 /* mo-civil-servant.json */ = {isa = PBXFileReference; fileEncoding = 4; lastKnownFileType = text.json; path = "mo-civil-servant.json"; sourceTree = "<group>"; };
		14ECFF002BE6319B005D2D79 /* mo-force.json */ = {isa = PBXFileReference; fileEncoding = 4; lastKnownFileType = text.json; path = "mo-force.json"; sourceTree = "<group>"; };
		14ECFF042BE64983005D2D79 /* AppColor.swift */ = {isa = PBXFileReference; lastKnownFileType = sourcecode.swift; path = AppColor.swift; sourceTree = "<group>"; };
		14ECFF062BE68AE1005D2D79 /* sg.json */ = {isa = PBXFileReference; fileEncoding = 4; lastKnownFileType = text.json; path = sg.json; sourceTree = "<group>"; };
		14ECFF072BE68AE1005D2D79 /* us.json */ = {isa = PBXFileReference; fileEncoding = 4; lastKnownFileType = text.json; path = us.json; sourceTree = "<group>"; };
		14ED08A12BEDCCB800100E2D /* PublicPlanDetailViewController.swift */ = {isa = PBXFileReference; lastKnownFileType = sourcecode.swift; path = PublicPlanDetailViewController.swift; sourceTree = "<group>"; };
		14ED08A32BEE0E8F00100E2D /* CustomPublicDayDetailViewController.swift */ = {isa = PBXFileReference; lastKnownFileType = sourcecode.swift; path = CustomPublicDayDetailViewController.swift; sourceTree = "<group>"; };
		14ED08A52BEE117500100E2D /* TextInputCell.swift */ = {isa = PBXFileReference; fileEncoding = 4; lastKnownFileType = sourcecode.swift; path = TextInputCell.swift; sourceTree = "<group>"; };
		14ED08AB2BEE503D00100E2D /* PublicPlanInfo.swift */ = {isa = PBXFileReference; lastKnownFileType = sourcecode.swift; path = PublicPlanInfo.swift; sourceTree = "<group>"; };
		14ED08AD2BEE511000100E2D /* PublicPlanCell.swift */ = {isa = PBXFileReference; lastKnownFileType = sourcecode.swift; path = PublicPlanCell.swift; sourceTree = "<group>"; };
		14ED08AF2BEE55DB00100E2D /* CustomPublicPlan.swift */ = {isa = PBXFileReference; lastKnownFileType = sourcecode.swift; path = CustomPublicPlan.swift; sourceTree = "<group>"; };
		14ED08B12BEE570D00100E2D /* DayType.swift */ = {isa = PBXFileReference; lastKnownFileType = sourcecode.swift; path = DayType.swift; sourceTree = "<group>"; };
		14F2FA722BF05CB700BBE7FB /* JSONPublicPlan.swift */ = {isa = PBXFileReference; lastKnownFileType = sourcecode.swift; path = JSONPublicPlan.swift; sourceTree = "<group>"; };
		14F2FA742BF093CF00BBE7FB /* DatePickerCell.swift */ = {isa = PBXFileReference; lastKnownFileType = sourcecode.swift; path = DatePickerCell.swift; sourceTree = "<group>"; };
		14F2FA762BF102C600BBE7FB /* DayDetailIntent.swift */ = {isa = PBXFileReference; lastKnownFileType = sourcecode.swift; path = DayDetailIntent.swift; sourceTree = "<group>"; };
		14F371212BE3CA6500254C39 /* Settings.swift */ = {isa = PBXFileReference; lastKnownFileType = sourcecode.swift; path = Settings.swift; sourceTree = "<group>"; };
		14F371242BE3CB9F00254C39 /* BlockViewController+Menu.swift */ = {isa = PBXFileReference; lastKnownFileType = sourcecode.swift; path = "BlockViewController+Menu.swift"; sourceTree = "<group>"; };
		14F371292BE3EB4E00254C39 /* SpecificationsViewController.swift */ = {isa = PBXFileReference; fileEncoding = 4; lastKnownFileType = sourcecode.swift; path = SpecificationsViewController.swift; sourceTree = "<group>"; };
		14F8D7CD2C5C6776000B48A3 /* WeekdayOrderView.swift */ = {isa = PBXFileReference; lastKnownFileType = sourcecode.swift; path = WeekdayOrderView.swift; sourceTree = "<group>"; };
		14F8D7D12C5C8471000B48A3 /* UIFont+Extension.swift */ = {isa = PBXFileReference; fileEncoding = 4; lastKnownFileType = sourcecode.swift; path = "UIFont+Extension.swift"; sourceTree = "<group>"; };
		14F8D7D32C5C9194000B48A3 /* MonthTitleCell.swift */ = {isa = PBXFileReference; lastKnownFileType = sourcecode.swift; path = MonthTitleCell.swift; sourceTree = "<group>"; };
/* End PBXFileReference section */

/* Begin PBXFrameworksBuildPhase section */
		14DD50AB2BE1F5C4004329E2 /* Frameworks */ = {
			isa = PBXFrameworksBuildPhase;
			buildActionMask = 2147483647;
			files = (
				14EF2B742BFB44FA00F8C684 /* AppInfo in Frameworks */,
				14DD51092BE20D8D004329E2 /* Toast in Frameworks */,
				14DD50C72BE1F78F004329E2 /* SnapKit in Frameworks */,
				14DD510C2BE20F3A004329E2 /* GRDB in Frameworks */,
				1498CF1B2C402CD2005562AA /* ZCCalendar in Frameworks */,
			);
			runOnlyForDeploymentPostprocessing = 0;
		};
/* End PBXFrameworksBuildPhase section */

/* Begin PBXGroup section */
		14D6F9212BEB31B5008712E1 /* BaseCalendar */ = {
			isa = PBXGroup;
			children = (
				14D6F92B2BEB90F6008712E1 /* BaseCalendarManager.swift */,
				14D6F91F2BEB05FA008712E1 /* BaseCalendarEditorViewController.swift */,
				14D6F9222BEB31D2008712E1 /* View */,
			);
			path = BaseCalendar;
			sourceTree = "<group>";
		};
		14D6F9222BEB31D2008712E1 /* View */ = {
			isa = PBXGroup;
			children = (
				14D6F9232BEB31E6008712E1 /* StandardConfigCell.swift */,
				14D6F9252BEB412A008712E1 /* MenuCell.swift */,
				14D6F9272BEB6B5E008712E1 /* WeekCalendarCell.swift */,
				14D6F9292BEB6C86008712E1 /* DateCell.swift */,
			);
			path = View;
			sourceTree = "<group>";
		};
		14DD50A52BE1F5C4004329E2 = {
			isa = PBXGroup;
			children = (
				141F38D92C9974D600347225 /* README.md */,
				141F38DA2C9974D600347225 /* README_CN.md */,
				14DD50B02BE1F5C4004329E2 /* Off Day */,
				14DD50AF2BE1F5C4004329E2 /* Products */,
				14DD51042BE20CF8004329E2 /* Frameworks */,
			);
			sourceTree = "<group>";
		};
		14DD50AF2BE1F5C4004329E2 /* Products */ = {
			isa = PBXGroup;
			children = (
				14DD50AE2BE1F5C4004329E2 /* Off Day.app */,
			);
			name = Products;
			sourceTree = "<group>";
		};
		14DD50B02BE1F5C4004329E2 /* Off Day */ = {
			isa = PBXGroup;
			children = (
				14DD50B12BE1F5C4004329E2 /* AppDelegate.swift */,
				14DD50B32BE1F5C4004329E2 /* SceneDelegate.swift */,
				14EA29F12CA500850055A496 /* DayManager.swift */,
				14DD513A2BE2356A004329E2 /* BaseViewController */,
				14ECFEEE2BE5F523005D2D79 /* PublicPlan */,
				14DD50E92BE20BC1004329E2 /* Block */,
				14DD51442BE24648004329E2 /* Tutorials */,
				14D6F9212BEB31B5008712E1 /* BaseCalendar */,
				14DD51412BE245E8004329E2 /* More */,
				14DD51192BE21050004329E2 /* Database */,
				14DD51262BE213AD004329E2 /* DataManager */,
				14F371232BE3CA7100254C39 /* Settings */,
				14DD514B2BE27AA4004329E2 /* Intent */,
				14DD512B2BE21AB8004329E2 /* Extension */,
				14DD50BA2BE1F5C5004329E2 /* Assets.xcassets */,
				14DD50BC2BE1F5C5004329E2 /* LaunchScreen.storyboard */,
				14DD50BF2BE1F5C5004329E2 /* Info.plist */,
				14DD50C82BE1F7BD004329E2 /* Localizable.xcstrings */,
				14DD50CA2BE1F7F2004329E2 /* InfoPlist.xcstrings */,
			);
			path = "Off Day";
			sourceTree = "<group>";
		};
		14DD50D32BE20BC1004329E2 /* Extension */ = {
			isa = PBXGroup;
			children = (
				14DD50CD2BE20BC1004329E2 /* BlockViewController+CellRegistration.swift */,
				14DD50CE2BE20BC1004329E2 /* BlockViewController+Enum.swift */,
				14DD50CF2BE20BC1004329E2 /* BlockViewController+Layout.swift */,
				14DD50D12BE20BC1004329E2 /* BlockViewController+Popover.swift */,
				14F371242BE3CB9F00254C39 /* BlockViewController+Menu.swift */,
			);
			path = Extension;
			sourceTree = "<group>";
		};
		14DD50D92BE20BC1004329E2 /* Layout */ = {
			isa = PBXGroup;
			children = (
				14DD50D62BE20BC1004329E2 /* LayoutGenerator.swift */,
				14DD50D82BE20BC1004329E2 /* DayGrid.swift */,
			);
			path = Layout;
			sourceTree = "<group>";
		};
		14DD50DC2BE20BC1004329E2 /* Model */ = {
			isa = PBXGroup;
			children = (
				14DD50DA2BE20BC1004329E2 /* BlockItem.swift */,
			);
			path = Model;
			sourceTree = "<group>";
		};
		14DD50E52BE20BC1004329E2 /* View */ = {
			isa = PBXGroup;
			children = (
				14DD50DD2BE20BC1004329E2 /* BlockCell.swift */,
				14F8D7D32C5C9194000B48A3 /* MonthTitleCell.swift */,
				14F8D7CD2C5C6776000B48A3 /* WeekdayOrderView.swift */,
				14DD50E12BE20BC1004329E2 /* HoverGestureRecognizer.swift */,
				14DD50E32BE20BC1004329E2 /* UIDraggableCollectionView.swift */,
				14DD50E22BE20BC1004329E2 /* ImpactGenerator.swift */,
			);
			path = View;
			sourceTree = "<group>";
		};
		14DD50E92BE20BC1004329E2 /* Block */ = {
			isa = PBXGroup;
			children = (
				14DD50E62BE20BC1004329E2 /* BlockBaseViewController.swift */,
				14DD50E82BE20BC1004329E2 /* BlockViewController.swift */,
				14DD50E72BE20BC1004329E2 /* BlockDetailViewController.swift */,
				14DD50D32BE20BC1004329E2 /* Extension */,
				14DD513E2BE24412004329E2 /* Handler */,
				14DD50D92BE20BC1004329E2 /* Layout */,
				14DD50DC2BE20BC1004329E2 /* Model */,
				14DD50E52BE20BC1004329E2 /* View */,
			);
			path = Block;
			sourceTree = "<group>";
		};
		14DD51042BE20CF8004329E2 /* Frameworks */ = {
			isa = PBXGroup;
			children = (
			);
			name = Frameworks;
			sourceTree = "<group>";
		};
		14DD510E2BE21050004329E2 /* Extension */ = {
			isa = PBXGroup;
			children = (
				14DD510D2BE21050004329E2 /* Date+Extension.swift */,
			);
			path = Extension;
			sourceTree = "<group>";
		};
		14DD51152BE21050004329E2 /* Model */ = {
			isa = PBXGroup;
			children = (
				14ED08B12BEE570D00100E2D /* DayType.swift */,
				14DD51472BE24EA9004329E2 /* CustomPublicDay.swift */,
				14ED08AF2BEE55DB00100E2D /* CustomPublicPlan.swift */,
				14D6F92D2BEBDDF4008712E1 /* BaseCalendarConfig.swift */,
				14DD51132BE21050004329E2 /* CustomDay.swift */,
			);
			path = Model;
			sourceTree = "<group>";
		};
		14DD51192BE21050004329E2 /* Database */ = {
			isa = PBXGroup;
			children = (
				14DD51162BE21050004329E2 /* AppDatabase.swift */,
				14DD51172BE21050004329E2 /* Persistence.swift */,
				14DD51182BE21050004329E2 /* TimestampedRecord.swift */,
				14DD51152BE21050004329E2 /* Model */,
				14DD510E2BE21050004329E2 /* Extension */,
			);
			path = Database;
			sourceTree = "<group>";
		};
		14DD51262BE213AD004329E2 /* DataManager */ = {
			isa = PBXGroup;
			children = (
				14DD51252BE213AD004329E2 /* CustomDayManager.swift */,
			);
			path = DataManager;
			sourceTree = "<group>";
		};
		14DD512B2BE21AB8004329E2 /* Extension */ = {
			isa = PBXGroup;
			children = (
				14ECFF042BE64983005D2D79 /* AppColor.swift */,
				14DD51292BE21AB8004329E2 /* UIColor+Extension.swift */,
				14DD512A2BE21AB8004329E2 /* UIViewController+Extension.swift */,
				14E6D9B92BE495F000931F3D /* Toast+Stryle.swift */,
				14F8D7D12C5C8471000B48A3 /* UIFont+Extension.swift */,
			);
			path = Extension;
			sourceTree = "<group>";
		};
		14DD513A2BE2356A004329E2 /* BaseViewController */ = {
			isa = PBXGroup;
			children = (
				14DD51382BE2356A004329E2 /* NavigationViewController.swift */,
				14DD51392BE2356A004329E2 /* TabbarController.swift */,
			);
			path = BaseViewController;
			sourceTree = "<group>";
		};
		14DD513E2BE24412004329E2 /* Handler */ = {
			isa = PBXGroup;
			children = (
				14DD50D42BE20BC1004329E2 /* DayByDayHandler.swift */,
				14DD50D52BE20BC1004329E2 /* DisplayHandler.swift */,
			);
			path = Handler;
			sourceTree = "<group>";
		};
		14DD51412BE245E8004329E2 /* More */ = {
			isa = PBXGroup;
			children = (
				14DD513F2BE2459C004329E2 /* MoreViewController.swift */,
				14E49C962BE9C07B00431EA9 /* SettingOptionsViewController.swift */,
				14F371292BE3EB4E00254C39 /* SpecificationsViewController.swift */,
			);
			path = More;
			sourceTree = "<group>";
		};
		14DD51442BE24648004329E2 /* Tutorials */ = {
			isa = PBXGroup;
			children = (
				14DD51422BE24642004329E2 /* TutorialsViewController.swift */,
			);
			path = Tutorials;
			sourceTree = "<group>";
		};
		14DD514B2BE27AA4004329E2 /* Intent */ = {
			isa = PBXGroup;
			children = (
				14DD51492BE27A9E004329E2 /* CheckDayIntent.swift */,
				14CFA1262BEC92A90004D15E /* CheckDayClashIntent.swift */,
				14F2FA762BF102C600BBE7FB /* DayDetailIntent.swift */,
				14D9D71B2CA44A2E00257C07 /* NextDayIntent.swift */,
				1498CF0E2C3F72F8005562AA /* UpdateDayMarkIntent.swift */,
			);
			path = Intent;
			sourceTree = "<group>";
		};
		14ECFEEE2BE5F523005D2D79 /* PublicPlan */ = {
			isa = PBXGroup;
			children = (
				14ECFEEC2BE5F30C005D2D79 /* PublicPlanManager.swift */,
				14E6D9BB2BE4A81C00931F3D /* PublicPlanViewController.swift */,
				14ED08A12BEDCCB800100E2D /* PublicPlanDetailViewController.swift */,
				14ED08A32BEE0E8F00100E2D /* CustomPublicDayDetailViewController.swift */,
				14ECFEFB2BE5FBF8005D2D79 /* JSON */,
				14ED08A82BEE11AC00100E2D /* Model */,
				14ED08A72BEE118900100E2D /* View */,
			);
			path = PublicPlan;
			sourceTree = "<group>";
		};
		14ECFEFB2BE5FBF8005D2D79 /* JSON */ = {
			isa = PBXGroup;
			children = (
				14ECFEF02BE5FBED005D2D79 /* cn-guangxi.json */,
				14ECFEF32BE5FBEE005D2D79 /* cn-mainland.json */,
				14ECFEF12BE5FBED005D2D79 /* cn-ningxia.json */,
				14ECFEEF2BE5FBED005D2D79 /* cn-xinjiang.json */,
				14ECFEF22BE5FBEE005D2D79 /* cn-xizang.json */,
				14ECFEFC2BE62DCE005D2D79 /* hk.json */,
				14ECFEFF2BE6319B005D2D79 /* mo-civil-servant.json */,
				14ECFF002BE6319B005D2D79 /* mo-force.json */,
				14ECFEFE2BE6319B005D2D79 /* mo-public.json */,
				14E49C982BEA078A00431EA9 /* th.json */,
				14ECFF062BE68AE1005D2D79 /* sg.json */,
				14ECFEF42BE5FBEE005D2D79 /* jp.json */,
				14E49C9A2BEA117000431EA9 /* kr.json */,
				14ECFF072BE68AE1005D2D79 /* us.json */,
			);
			path = JSON;
			sourceTree = "<group>";
		};
		14ED08A72BEE118900100E2D /* View */ = {
			isa = PBXGroup;
			children = (
				14ED08A52BEE117500100E2D /* TextInputCell.swift */,
				14ED08AD2BEE511000100E2D /* PublicPlanCell.swift */,
				14F2FA742BF093CF00BBE7FB /* DatePickerCell.swift */,
			);
			path = View;
			sourceTree = "<group>";
		};
		14ED08A82BEE11AC00100E2D /* Model */ = {
			isa = PBXGroup;
			children = (
				14EC7FDB2BEF3CEE003BB07E /* PublicDay.swift */,
				14ED08AB2BEE503D00100E2D /* PublicPlanInfo.swift */,
				14EC7FD92BEF0FA3003BB07E /* AppPublicPlan.swift */,
				14F2FA722BF05CB700BBE7FB /* JSONPublicPlan.swift */,
			);
			path = Model;
			sourceTree = "<group>";
		};
		14F371232BE3CA7100254C39 /* Settings */ = {
			isa = PBXGroup;
			children = (
				14F371212BE3CA6500254C39 /* Settings.swift */,
			);
			path = Settings;
			sourceTree = "<group>";
		};
/* End PBXGroup section */

/* Begin PBXNativeTarget section */
		14DD50AD2BE1F5C4004329E2 /* Off Day */ = {
			isa = PBXNativeTarget;
			buildConfigurationList = 14DD50C22BE1F5C5004329E2 /* Build configuration list for PBXNativeTarget "Off Day" */;
			buildPhases = (
				14DD50AA2BE1F5C4004329E2 /* Sources */,
				14DD50AB2BE1F5C4004329E2 /* Frameworks */,
				14DD50AC2BE1F5C4004329E2 /* Resources */,
			);
			buildRules = (
			);
			dependencies = (
			);
			name = "Off Day";
			packageProductDependencies = (
				14DD50C62BE1F78F004329E2 /* SnapKit */,
				14DD51082BE20D8D004329E2 /* Toast */,
				14DD510B2BE20F3A004329E2 /* GRDB */,
				14EF2B732BFB44FA00F8C684 /* AppInfo */,
				1498CF1A2C402CD2005562AA /* ZCCalendar */,
			);
			productName = "Off Day";
			productReference = 14DD50AE2BE1F5C4004329E2 /* Off Day.app */;
			productType = "com.apple.product-type.application";
		};
/* End PBXNativeTarget section */

/* Begin PBXProject section */
		14DD50A62BE1F5C4004329E2 /* Project object */ = {
			isa = PBXProject;
			attributes = {
				BuildIndependentTargetsInParallel = 1;
				LastSwiftUpdateCheck = 1530;
				LastUpgradeCheck = 1530;
				TargetAttributes = {
					14DD50AD2BE1F5C4004329E2 = {
						CreatedOnToolsVersion = 15.3;
					};
				};
			};
			buildConfigurationList = 14DD50A92BE1F5C4004329E2 /* Build configuration list for PBXProject "Off Day" */;
			compatibilityVersion = "Xcode 14.0";
			developmentRegion = en;
			hasScannedForEncodings = 0;
			knownRegions = (
				en,
				Base,
				"zh-Hans",
				"zh-HK",
				"zh-Hant",
			);
			mainGroup = 14DD50A52BE1F5C4004329E2;
			packageReferences = (
				14DD50C52BE1F78F004329E2 /* XCRemoteSwiftPackageReference "SnapKit" */,
				14DD51072BE20D8D004329E2 /* XCRemoteSwiftPackageReference "Toast-Swift" */,
				14DD510A2BE20F3A004329E2 /* XCRemoteSwiftPackageReference "GRDB" */,
				14EF2B722BFB44FA00F8C684 /* XCRemoteSwiftPackageReference "AppInfo" */,
				1498CF192C402CD2005562AA /* XCRemoteSwiftPackageReference "ZCCalendar" */,
			);
			productRefGroup = 14DD50AF2BE1F5C4004329E2 /* Products */;
			projectDirPath = "";
			projectRoot = "";
			targets = (
				14DD50AD2BE1F5C4004329E2 /* Off Day */,
			);
		};
/* End PBXProject section */

/* Begin PBXResourcesBuildPhase section */
		14DD50AC2BE1F5C4004329E2 /* Resources */ = {
			isa = PBXResourcesBuildPhase;
			buildActionMask = 2147483647;
			files = (
				14ECFEF72BE5FBEE005D2D79 /* cn-ningxia.json in Resources */,
				14ECFEFA2BE5FBEE005D2D79 /* jp.json in Resources */,
				14ECFEF92BE5FBEE005D2D79 /* cn-mainland.json in Resources */,
				14ECFF082BE68AE1005D2D79 /* sg.json in Resources */,
				14ECFF032BE6319B005D2D79 /* mo-force.json in Resources */,
				14DD50BB2BE1F5C5004329E2 /* Assets.xcassets in Resources */,
				14E49C9B2BEA117000431EA9 /* kr.json in Resources */,
				14DD50BE2BE1F5C5004329E2 /* Base in Resources */,
				14ECFF092BE68AE1005D2D79 /* us.json in Resources */,
				14E49C992BEA078A00431EA9 /* th.json in Resources */,
				14ECFEF52BE5FBEE005D2D79 /* cn-xinjiang.json in Resources */,
				14ECFF012BE6319B005D2D79 /* mo-public.json in Resources */,
				14DD50CB2BE1F7F2004329E2 /* InfoPlist.xcstrings in Resources */,
				14ECFEF82BE5FBEE005D2D79 /* cn-xizang.json in Resources */,
				14ECFEF62BE5FBEE005D2D79 /* cn-guangxi.json in Resources */,
				14ECFF022BE6319B005D2D79 /* mo-civil-servant.json in Resources */,
				14ECFEFD2BE62DCE005D2D79 /* hk.json in Resources */,
				14DD50C92BE1F7BD004329E2 /* Localizable.xcstrings in Resources */,
			);
			runOnlyForDeploymentPostprocessing = 0;
		};
/* End PBXResourcesBuildPhase section */

/* Begin PBXSourcesBuildPhase section */
		14DD50AA2BE1F5C4004329E2 /* Sources */ = {
			isa = PBXSourcesBuildPhase;
			buildActionMask = 2147483647;
			files = (
				14DD512D2BE21AB8004329E2 /* UIViewController+Extension.swift in Sources */,
				14DD51282BE213AD004329E2 /* CustomDayManager.swift in Sources */,
				14ED08B22BEE570D00100E2D /* DayType.swift in Sources */,
				14DD50FE2BE20BC1004329E2 /* UIDraggableCollectionView.swift in Sources */,
				14DD51012BE20BC1004329E2 /* BlockDetailViewController.swift in Sources */,
				14ED08A62BEE117500100E2D /* TextInputCell.swift in Sources */,
				14F2FA752BF093CF00BBE7FB /* DatePickerCell.swift in Sources */,
				14DD50ED2BE20BC1004329E2 /* BlockViewController+Layout.swift in Sources */,
				14F2FA772BF102C600BBE7FB /* DayDetailIntent.swift in Sources */,
				14ECFF052BE64983005D2D79 /* AppColor.swift in Sources */,
				14D6F9282BEB6B5E008712E1 /* WeekCalendarCell.swift in Sources */,
				14ED08AE2BEE511000100E2D /* PublicPlanCell.swift in Sources */,
				14E6D9BA2BE495F000931F3D /* Toast+Stryle.swift in Sources */,
				14DD50F52BE20BC1004329E2 /* DayGrid.swift in Sources */,
				14F371222BE3CA6500254C39 /* Settings.swift in Sources */,
				14DD50EC2BE20BC1004329E2 /* BlockViewController+Enum.swift in Sources */,
				14DD50F62BE20BC1004329E2 /* BlockItem.swift in Sources */,
				14ED08AC2BEE503D00100E2D /* PublicPlanInfo.swift in Sources */,
				14F8D7CE2C5C6776000B48A3 /* WeekdayOrderView.swift in Sources */,
				1498CF0F2C3F72F8005562AA /* UpdateDayMarkIntent.swift in Sources */,
				14ED08A42BEE0E8F00100E2D /* CustomPublicDayDetailViewController.swift in Sources */,
				14DD511F2BE21050004329E2 /* CustomDay.swift in Sources */,
				14F8D7D22C5C8471000B48A3 /* UIFont+Extension.swift in Sources */,
				14EC7FDC2BEF3CEE003BB07E /* PublicDay.swift in Sources */,
				14DD51482BE24EA9004329E2 /* CustomPublicDay.swift in Sources */,
				14DD50F82BE20BC1004329E2 /* BlockCell.swift in Sources */,
				14F3712A2BE3EB4E00254C39 /* SpecificationsViewController.swift in Sources */,
				14D6F9242BEB31E6008712E1 /* StandardConfigCell.swift in Sources */,
				14DD50F22BE20BC1004329E2 /* DisplayHandler.swift in Sources */,
				14F2FA732BF05CB700BBE7FB /* JSONPublicPlan.swift in Sources */,
				14DD51222BE21050004329E2 /* Persistence.swift in Sources */,
				14EC7FDA2BEF0FA3003BB07E /* AppPublicPlan.swift in Sources */,
				14DD51022BE20BC1004329E2 /* BlockViewController.swift in Sources */,
				14D6F9202BEB05FA008712E1 /* BaseCalendarEditorViewController.swift in Sources */,
				14DD50F12BE20BC1004329E2 /* DayByDayHandler.swift in Sources */,
				14DD512C2BE21AB8004329E2 /* UIColor+Extension.swift in Sources */,
				14EA29F22CA500850055A496 /* DayManager.swift in Sources */,
				14DD51402BE2459C004329E2 /* MoreViewController.swift in Sources */,
				14ED08B02BEE55DB00100E2D /* CustomPublicPlan.swift in Sources */,
				14DD51232BE21050004329E2 /* TimestampedRecord.swift in Sources */,
				14D6F92C2BEB90F6008712E1 /* BaseCalendarManager.swift in Sources */,
				14ECFEED2BE5F30C005D2D79 /* PublicPlanManager.swift in Sources */,
				14DD51432BE24642004329E2 /* TutorialsViewController.swift in Sources */,
				14DD51212BE21050004329E2 /* AppDatabase.swift in Sources */,
				14D6F92A2BEB6C86008712E1 /* DateCell.swift in Sources */,
				14D6F92E2BEBDDF4008712E1 /* BaseCalendarConfig.swift in Sources */,
				14DD50B22BE1F5C4004329E2 /* AppDelegate.swift in Sources */,
				14DD511A2BE21050004329E2 /* Date+Extension.swift in Sources */,
				14ED08A22BEDCCB800100E2D /* PublicPlanDetailViewController.swift in Sources */,
				14DD50FD2BE20BC1004329E2 /* ImpactGenerator.swift in Sources */,
				14DD50EF2BE20BC1004329E2 /* BlockViewController+Popover.swift in Sources */,
				14DD513C2BE2356A004329E2 /* NavigationViewController.swift in Sources */,
				14DD50FC2BE20BC1004329E2 /* HoverGestureRecognizer.swift in Sources */,
				14D6F9262BEB412A008712E1 /* MenuCell.swift in Sources */,
				14E49C972BE9C07B00431EA9 /* SettingOptionsViewController.swift in Sources */,
				14DD50B42BE1F5C4004329E2 /* SceneDelegate.swift in Sources */,
				14DD50EB2BE20BC1004329E2 /* BlockViewController+CellRegistration.swift in Sources */,
				14DD514A2BE27A9E004329E2 /* CheckDayIntent.swift in Sources */,
				14DD51002BE20BC1004329E2 /* BlockBaseViewController.swift in Sources */,
				14DD513D2BE2356A004329E2 /* TabbarController.swift in Sources */,
				14DD50F32BE20BC1004329E2 /* LayoutGenerator.swift in Sources */,
				14D9D71C2CA44A2E00257C07 /* NextDayIntent.swift in Sources */,
				14F8D7D42C5C9194000B48A3 /* MonthTitleCell.swift in Sources */,
				14E6D9BC2BE4A81C00931F3D /* PublicPlanViewController.swift in Sources */,
				14CFA1272BEC92A90004D15E /* CheckDayClashIntent.swift in Sources */,
				14F371252BE3CB9F00254C39 /* BlockViewController+Menu.swift in Sources */,
			);
			runOnlyForDeploymentPostprocessing = 0;
		};
/* End PBXSourcesBuildPhase section */

/* Begin PBXVariantGroup section */
		14DD50BC2BE1F5C5004329E2 /* LaunchScreen.storyboard */ = {
			isa = PBXVariantGroup;
			children = (
				14DD50BD2BE1F5C5004329E2 /* Base */,
			);
			name = LaunchScreen.storyboard;
			sourceTree = "<group>";
		};
/* End PBXVariantGroup section */

/* Begin XCBuildConfiguration section */
		14DD50C02BE1F5C5004329E2 /* Debug */ = {
			isa = XCBuildConfiguration;
			buildSettings = {
				ALWAYS_SEARCH_USER_PATHS = NO;
				ASSETCATALOG_COMPILER_GENERATE_SWIFT_ASSET_SYMBOL_EXTENSIONS = YES;
				CLANG_ANALYZER_NONNULL = YES;
				CLANG_ANALYZER_NUMBER_OBJECT_CONVERSION = YES_AGGRESSIVE;
				CLANG_CXX_LANGUAGE_STANDARD = "gnu++20";
				CLANG_ENABLE_MODULES = YES;
				CLANG_ENABLE_OBJC_ARC = YES;
				CLANG_ENABLE_OBJC_WEAK = YES;
				CLANG_WARN_BLOCK_CAPTURE_AUTORELEASING = YES;
				CLANG_WARN_BOOL_CONVERSION = YES;
				CLANG_WARN_COMMA = YES;
				CLANG_WARN_CONSTANT_CONVERSION = YES;
				CLANG_WARN_DEPRECATED_OBJC_IMPLEMENTATIONS = YES;
				CLANG_WARN_DIRECT_OBJC_ISA_USAGE = YES_ERROR;
				CLANG_WARN_DOCUMENTATION_COMMENTS = YES;
				CLANG_WARN_EMPTY_BODY = YES;
				CLANG_WARN_ENUM_CONVERSION = YES;
				CLANG_WARN_INFINITE_RECURSION = YES;
				CLANG_WARN_INT_CONVERSION = YES;
				CLANG_WARN_NON_LITERAL_NULL_CONVERSION = YES;
				CLANG_WARN_OBJC_IMPLICIT_RETAIN_SELF = YES;
				CLANG_WARN_OBJC_LITERAL_CONVERSION = YES;
				CLANG_WARN_OBJC_ROOT_CLASS = YES_ERROR;
				CLANG_WARN_QUOTED_INCLUDE_IN_FRAMEWORK_HEADER = YES;
				CLANG_WARN_RANGE_LOOP_ANALYSIS = YES;
				CLANG_WARN_STRICT_PROTOTYPES = YES;
				CLANG_WARN_SUSPICIOUS_MOVE = YES;
				CLANG_WARN_UNGUARDED_AVAILABILITY = YES_AGGRESSIVE;
				CLANG_WARN_UNREACHABLE_CODE = YES;
				CLANG_WARN__DUPLICATE_METHOD_MATCH = YES;
				COPY_PHASE_STRIP = NO;
				DEBUG_INFORMATION_FORMAT = dwarf;
				ENABLE_STRICT_OBJC_MSGSEND = YES;
				ENABLE_TESTABILITY = YES;
				ENABLE_USER_SCRIPT_SANDBOXING = YES;
				GCC_C_LANGUAGE_STANDARD = gnu17;
				GCC_DYNAMIC_NO_PIC = NO;
				GCC_NO_COMMON_BLOCKS = YES;
				GCC_OPTIMIZATION_LEVEL = 0;
				GCC_PREPROCESSOR_DEFINITIONS = (
					"DEBUG=1",
					"$(inherited)",
				);
				GCC_WARN_64_TO_32_BIT_CONVERSION = YES;
				GCC_WARN_ABOUT_RETURN_TYPE = YES_ERROR;
				GCC_WARN_UNDECLARED_SELECTOR = YES;
				GCC_WARN_UNINITIALIZED_AUTOS = YES_AGGRESSIVE;
				GCC_WARN_UNUSED_FUNCTION = YES;
				GCC_WARN_UNUSED_VARIABLE = YES;
				IPHONEOS_DEPLOYMENT_TARGET = 16.0;
				LOCALIZATION_PREFERS_STRING_CATALOGS = YES;
				MTL_ENABLE_DEBUG_INFO = INCLUDE_SOURCE;
				MTL_FAST_MATH = YES;
				ONLY_ACTIVE_ARCH = YES;
				SDKROOT = iphoneos;
				SWIFT_ACTIVE_COMPILATION_CONDITIONS = "DEBUG $(inherited)";
				SWIFT_OPTIMIZATION_LEVEL = "-Onone";
			};
			name = Debug;
		};
		14DD50C12BE1F5C5004329E2 /* Release */ = {
			isa = XCBuildConfiguration;
			buildSettings = {
				ALWAYS_SEARCH_USER_PATHS = NO;
				ASSETCATALOG_COMPILER_GENERATE_SWIFT_ASSET_SYMBOL_EXTENSIONS = YES;
				CLANG_ANALYZER_NONNULL = YES;
				CLANG_ANALYZER_NUMBER_OBJECT_CONVERSION = YES_AGGRESSIVE;
				CLANG_CXX_LANGUAGE_STANDARD = "gnu++20";
				CLANG_ENABLE_MODULES = YES;
				CLANG_ENABLE_OBJC_ARC = YES;
				CLANG_ENABLE_OBJC_WEAK = YES;
				CLANG_WARN_BLOCK_CAPTURE_AUTORELEASING = YES;
				CLANG_WARN_BOOL_CONVERSION = YES;
				CLANG_WARN_COMMA = YES;
				CLANG_WARN_CONSTANT_CONVERSION = YES;
				CLANG_WARN_DEPRECATED_OBJC_IMPLEMENTATIONS = YES;
				CLANG_WARN_DIRECT_OBJC_ISA_USAGE = YES_ERROR;
				CLANG_WARN_DOCUMENTATION_COMMENTS = YES;
				CLANG_WARN_EMPTY_BODY = YES;
				CLANG_WARN_ENUM_CONVERSION = YES;
				CLANG_WARN_INFINITE_RECURSION = YES;
				CLANG_WARN_INT_CONVERSION = YES;
				CLANG_WARN_NON_LITERAL_NULL_CONVERSION = YES;
				CLANG_WARN_OBJC_IMPLICIT_RETAIN_SELF = YES;
				CLANG_WARN_OBJC_LITERAL_CONVERSION = YES;
				CLANG_WARN_OBJC_ROOT_CLASS = YES_ERROR;
				CLANG_WARN_QUOTED_INCLUDE_IN_FRAMEWORK_HEADER = YES;
				CLANG_WARN_RANGE_LOOP_ANALYSIS = YES;
				CLANG_WARN_STRICT_PROTOTYPES = YES;
				CLANG_WARN_SUSPICIOUS_MOVE = YES;
				CLANG_WARN_UNGUARDED_AVAILABILITY = YES_AGGRESSIVE;
				CLANG_WARN_UNREACHABLE_CODE = YES;
				CLANG_WARN__DUPLICATE_METHOD_MATCH = YES;
				COPY_PHASE_STRIP = NO;
				DEBUG_INFORMATION_FORMAT = "dwarf-with-dsym";
				ENABLE_NS_ASSERTIONS = NO;
				ENABLE_STRICT_OBJC_MSGSEND = YES;
				ENABLE_USER_SCRIPT_SANDBOXING = YES;
				GCC_C_LANGUAGE_STANDARD = gnu17;
				GCC_NO_COMMON_BLOCKS = YES;
				GCC_WARN_64_TO_32_BIT_CONVERSION = YES;
				GCC_WARN_ABOUT_RETURN_TYPE = YES_ERROR;
				GCC_WARN_UNDECLARED_SELECTOR = YES;
				GCC_WARN_UNINITIALIZED_AUTOS = YES_AGGRESSIVE;
				GCC_WARN_UNUSED_FUNCTION = YES;
				GCC_WARN_UNUSED_VARIABLE = YES;
				IPHONEOS_DEPLOYMENT_TARGET = 16.0;
				LOCALIZATION_PREFERS_STRING_CATALOGS = YES;
				MTL_ENABLE_DEBUG_INFO = NO;
				MTL_FAST_MATH = YES;
				SDKROOT = iphoneos;
				SWIFT_COMPILATION_MODE = wholemodule;
				VALIDATE_PRODUCT = YES;
			};
			name = Release;
		};
		14DD50C32BE1F5C5004329E2 /* Debug */ = {
			isa = XCBuildConfiguration;
			buildSettings = {
				ASSETCATALOG_COMPILER_APPICON_NAME = AppIcon;
				ASSETCATALOG_COMPILER_GLOBAL_ACCENT_COLOR_NAME = AccentColor;
				CODE_SIGN_STYLE = Automatic;
				CURRENT_PROJECT_VERSION = 1;
				DEVELOPMENT_TEAM = KKQQQNKMM6;
				GENERATE_INFOPLIST_FILE = YES;
				INFOPLIST_FILE = "Off Day/Info.plist";
				INFOPLIST_KEY_LSApplicationCategoryType = "public.app-category.lifestyle";
				INFOPLIST_KEY_UIApplicationSupportsIndirectInputEvents = YES;
				INFOPLIST_KEY_UILaunchStoryboardName = LaunchScreen;
				INFOPLIST_KEY_UIStatusBarStyle = UIStatusBarStyleLightContent;
				INFOPLIST_KEY_UISupportedInterfaceOrientations = UIInterfaceOrientationPortrait;
				INFOPLIST_KEY_UISupportedInterfaceOrientations_iPad = "UIInterfaceOrientationLandscapeLeft UIInterfaceOrientationLandscapeRight UIInterfaceOrientationPortrait UIInterfaceOrientationPortraitUpsideDown";
				IPHONEOS_DEPLOYMENT_TARGET = 16.0;
				LD_RUNPATH_SEARCH_PATHS = (
					"$(inherited)",
					"@executable_path/Frameworks",
				);
				MARKETING_VERSION = 1.2.4;
				PRODUCT_BUNDLE_IDENTIFIER = com.zizicici.zzz;
				PRODUCT_NAME = "$(TARGET_NAME)";
				SWIFT_EMIT_LOC_STRINGS = YES;
				SWIFT_VERSION = 5.0;
				TARGETED_DEVICE_FAMILY = "1,2";
			};
			name = Debug;
		};
		14DD50C42BE1F5C5004329E2 /* Release */ = {
			isa = XCBuildConfiguration;
			buildSettings = {
				ASSETCATALOG_COMPILER_APPICON_NAME = AppIcon;
				ASSETCATALOG_COMPILER_GLOBAL_ACCENT_COLOR_NAME = AccentColor;
				CODE_SIGN_STYLE = Automatic;
				CURRENT_PROJECT_VERSION = 1;
				DEVELOPMENT_TEAM = KKQQQNKMM6;
				GENERATE_INFOPLIST_FILE = YES;
				INFOPLIST_FILE = "Off Day/Info.plist";
				INFOPLIST_KEY_LSApplicationCategoryType = "public.app-category.lifestyle";
				INFOPLIST_KEY_UIApplicationSupportsIndirectInputEvents = YES;
				INFOPLIST_KEY_UILaunchStoryboardName = LaunchScreen;
				INFOPLIST_KEY_UIStatusBarStyle = UIStatusBarStyleLightContent;
				INFOPLIST_KEY_UISupportedInterfaceOrientations = UIInterfaceOrientationPortrait;
				INFOPLIST_KEY_UISupportedInterfaceOrientations_iPad = "UIInterfaceOrientationLandscapeLeft UIInterfaceOrientationLandscapeRight UIInterfaceOrientationPortrait UIInterfaceOrientationPortraitUpsideDown";
				IPHONEOS_DEPLOYMENT_TARGET = 16.0;
				LD_RUNPATH_SEARCH_PATHS = (
					"$(inherited)",
					"@executable_path/Frameworks",
				);
				MARKETING_VERSION = 1.2.4;
				PRODUCT_BUNDLE_IDENTIFIER = com.zizicici.zzz;
				PRODUCT_NAME = "$(TARGET_NAME)";
				SWIFT_EMIT_LOC_STRINGS = YES;
				SWIFT_VERSION = 5.0;
				TARGETED_DEVICE_FAMILY = "1,2";
			};
			name = Release;
		};
/* End XCBuildConfiguration section */

/* Begin XCConfigurationList section */
		14DD50A92BE1F5C4004329E2 /* Build configuration list for PBXProject "Off Day" */ = {
			isa = XCConfigurationList;
			buildConfigurations = (
				14DD50C02BE1F5C5004329E2 /* Debug */,
				14DD50C12BE1F5C5004329E2 /* Release */,
			);
			defaultConfigurationIsVisible = 0;
			defaultConfigurationName = Release;
		};
		14DD50C22BE1F5C5004329E2 /* Build configuration list for PBXNativeTarget "Off Day" */ = {
			isa = XCConfigurationList;
			buildConfigurations = (
				14DD50C32BE1F5C5004329E2 /* Debug */,
				14DD50C42BE1F5C5004329E2 /* Release */,
			);
			defaultConfigurationIsVisible = 0;
			defaultConfigurationName = Release;
		};
/* End XCConfigurationList section */

/* Begin XCRemoteSwiftPackageReference section */
		1498CF192C402CD2005562AA /* XCRemoteSwiftPackageReference "ZCCalendar" */ = {
			isa = XCRemoteSwiftPackageReference;
			repositoryURL = "https://github.com/zizicici/ZCCalendar";
			requirement = {
				kind = upToNextMajorVersion;
				minimumVersion = 0.1.0;
			};
		};
		14DD50C52BE1F78F004329E2 /* XCRemoteSwiftPackageReference "SnapKit" */ = {
			isa = XCRemoteSwiftPackageReference;
			repositoryURL = "https://github.com/SnapKit/SnapKit";
			requirement = {
				kind = upToNextMajorVersion;
				minimumVersion = 5.7.1;
			};
		};
		14DD51072BE20D8D004329E2 /* XCRemoteSwiftPackageReference "Toast-Swift" */ = {
			isa = XCRemoteSwiftPackageReference;
			repositoryURL = "https://github.com/scalessec/Toast-Swift";
			requirement = {
				kind = upToNextMajorVersion;
				minimumVersion = 5.1.1;
			};
		};
		14DD510A2BE20F3A004329E2 /* XCRemoteSwiftPackageReference "GRDB" */ = {
			isa = XCRemoteSwiftPackageReference;
			repositoryURL = "https://github.com/groue/GRDB.swift";
			requirement = {
				kind = upToNextMajorVersion;
				minimumVersion = 6.29.0;
			};
		};
		14EF2B722BFB44FA00F8C684 /* XCRemoteSwiftPackageReference "AppInfo" */ = {
			isa = XCRemoteSwiftPackageReference;
			repositoryURL = "https://github.com/zizicici/AppInfo";
			requirement = {
				kind = upToNextMajorVersion;
				minimumVersion = 1.0.0;
			};
		};
/* End XCRemoteSwiftPackageReference section */

/* Begin XCSwiftPackageProductDependency section */
		1498CF1A2C402CD2005562AA /* ZCCalendar */ = {
			isa = XCSwiftPackageProductDependency;
			package = 1498CF192C402CD2005562AA /* XCRemoteSwiftPackageReference "ZCCalendar" */;
			productName = ZCCalendar;
		};
		14DD50C62BE1F78F004329E2 /* SnapKit */ = {
			isa = XCSwiftPackageProductDependency;
			package = 14DD50C52BE1F78F004329E2 /* XCRemoteSwiftPackageReference "SnapKit" */;
			productName = SnapKit;
		};
		14DD51082BE20D8D004329E2 /* Toast */ = {
			isa = XCSwiftPackageProductDependency;
			package = 14DD51072BE20D8D004329E2 /* XCRemoteSwiftPackageReference "Toast-Swift" */;
			productName = Toast;
		};
		14DD510B2BE20F3A004329E2 /* GRDB */ = {
			isa = XCSwiftPackageProductDependency;
			package = 14DD510A2BE20F3A004329E2 /* XCRemoteSwiftPackageReference "GRDB" */;
			productName = GRDB;
		};
		14EF2B732BFB44FA00F8C684 /* AppInfo */ = {
			isa = XCSwiftPackageProductDependency;
			package = 14EF2B722BFB44FA00F8C684 /* XCRemoteSwiftPackageReference "AppInfo" */;
			productName = AppInfo;
		};
/* End XCSwiftPackageProductDependency section */
	};
	rootObject = 14DD50A62BE1F5C4004329E2 /* Project object */;
}
