{
  "originHash" : "5895abb5ba6bfc14777fc358875328f8812d9c8c5757e0911f4e05b66ff32ab5",
  "pins" : [
    {
      "identity" : "appinfo",
      "kind" : "remoteSourceControl",
      "location" : "https://github.com/zizicici/AppInfo",
      "state" : {
        "revision" : "e415d5acde9173529a05839dc56031448808eb25",
        "version" : "1.1.0"
      }
    },
    {
      "identity" : "grdb.swift",
      "kind" : "remoteSourceControl",
      "location" : "https://github.com/groue/GRDB.swift",
      "state" : {
        "revision" : "a5a1be26b4513dc7ec360eb56bc08a345bac6649",
        "version" : "7.5.0"
      }
    },
    {
      "identity" : "marqueelabel",
      "kind" : "remoteSourceControl",
      "location" : "https://github.com/cbpowell/MarqueeLabel",
      "state" : {
        "revision" : "877e810534cda9afabb8143ae319b7c3341b121b",
        "version" : "4.5.0"
      }
    },
    {
      "identity" : "snapkit",
      "kind" : "remoteSourceControl",
      "location" : "https://github.com/SnapKit/SnapKit",
      "state" : {
        "revision" : "2842e6e84e82eb9a8dac0100ca90d9444b0307f4",
        "version" : "5.7.1"
      }
    },
    {
      "identity" : "toast-swift",
      "kind" : "remoteSourceControl",
      "location" : "https://github.com/scalessec/Toast-Swift",
      "state" : {
        "revision" : "ddccd20d6fb718448d9b179c454c561653fda7d5",
        "version" : "5.1.1"
      }
    },
    {
      "identity" : "zccalendar",
      "kind" : "remoteSourceControl",
      "location" : "https://github.com/zizicici/ZCCalendar",
      "state" : {
        "revision" : "9b42577a20278f47c438685cc84979aacee36779",
        "version" : "0.1.3"
      }
    }
  ],
  "version" : 3
}
