{
  "originHash" : "1446d68c6d91cc650a9e74835e63d52a1ea3cebe782d3bbe0487c85f7923504b",
  "pins" : [
    {
      "identity" : "appinfo",
      "kind" : "remoteSourceControl",
      "location" : "https://github.com/zizicici/AppInfo",
      "state" : {
        "revision" : "c6a9499446cc94edca648695444bdf5a9f7f7b0e",
        "version" : "1.0.0"
      }
    },
    {
      "identity" : "grdb.swift",
      "kind" : "remoteSourceControl",
      "location" : "https://github.com/groue/GRDB.swift",
      "state" : {
        "revision" : "639fa9168d36931b36a79e60dc06b7d23852f1f4",
        "version" : "6.27.0"
      }
    },
    {
      "identity" : "snapkit",
      "kind" : "remoteSourceControl",
      "location" : "https://github.com/SnapKit/SnapKit",
      "state" : {
        "revision" : "2842e6e84e82eb9a8dac0100ca90d9444b0307f4",
        "version" : "5.7.1"
      }
    },
    {
      "identity" : "toast-swift",
      "kind" : "remoteSourceControl",
      "location" : "https://github.com/scalessec/Toast-Swift",
      "state" : {
        "revision" : "ddccd20d6fb718448d9b179c454c561653fda7d5",
        "version" : "5.1.1"
      }
    },
    {
      "identity" : "zccalendar",
      "kind" : "remoteSourceControl",
      "location" : "https://github.com/zizicici/ZCCalendar",
      "state" : {
        "revision" : "5ddbd875014e5e6e656e8c0868d58aa9966cc4f3",
        "version" : "0.1.0"
      }
    }
  ],
  "version" : 3
}
